
Microsoft Visual Studio Solution File, Format Version 12.00
# Visual Studio Version 16
VisualStudioVersion = 16.0.30104.148
MinimumVisualStudioVersion = 10.0.40219.1
Project("{9A19103F-16F7-4668-BE54-9A1E7A4F7556}") = "FoxTunes.Core", "FoxTunes.Core\FoxTunes.Core.csproj", "{62CD8F70-8415-4C15-B672-CB18475ABD7E}"
EndProject
Project("{9A19103F-16F7-4668-BE54-9A1E7A4F7556}") = "FoxTunes.Core.Tests", "FoxTunes.Core.Tests\FoxTunes.Core.Tests.csproj", "{C5C3BD3A-E2B7-4258-B705-704C502AF38B}"
EndProject
Project("{9A19103F-16F7-4668-BE54-9A1E7A4F7556}") = "FoxTunes.Launcher", "FoxTunes.Launcher\FoxTunes.Launcher.csproj", "{538D4230-E484-44AB-B690-D1033773C8B7}"
EndProject
Project("{9A19103F-16F7-4668-BE54-9A1E7A4F7556}") = "FoxTunes.UI.Windows", "FoxTunes.UI.Windows\FoxTunes.UI.Windows.csproj", "{610985F5-26AE-42B5-9733-61EBBAB36E0A}"
EndProject
Project("{9A19103F-16F7-4668-BE54-9A1E7A4F7556}") = "FoxTunes.DB", "FoxTunes.DB\FoxTunes.DB.csproj", "{64ED8F47-C8A1-4D23-943D-1C0F74D39D9D}"
EndProject
Project("{9A19103F-16F7-4668-BE54-9A1E7A4F7556}") = "FoxTunes.UI", "FoxTunes.UI\FoxTunes.UI.csproj", "{DBD01AF8-68F0-402C-8175-4583C0F44066}"
EndProject
Project("{9A19103F-16F7-4668-BE54-9A1E7A4F7556}") = "FoxTunes.Output", "FoxTunes.Output\FoxTunes.Output.csproj", "{C031B8F2-B799-4881-8140-DE1D11A23FD8}"
EndProject
Project("{9A19103F-16F7-4668-BE54-9A1E7A4F7556}") = "FoxTunes.Config", "FoxTunes.Config\FoxTunes.Config.csproj", "{9660A7C2-D1F7-4D17-8087-5B82AFEAA6D7}"
EndProject
Project("{9A19103F-16F7-4668-BE54-9A1E7A4F7556}") = "FoxTunes.MetaData", "FoxTunes.MetaData\FoxTunes.MetaData.csproj", "{395751A0-49B7-49DC-88A8-02B14A322E99}"
EndProject
Project("{9A19103F-16F7-4668-BE54-9A1E7A4F7556}") = "FoxTunes.MetaData.TagLib", "FoxTunes.MetaData.TagLib\FoxTunes.MetaData.TagLib.csproj", "{1BCB836B-688F-4183-8702-EFF08440CC8A}"
EndProject
Project("{9A19103F-16F7-4668-BE54-9A1E7A4F7556}") = "FoxTunes.Scripting", "FoxTunes.Scripting\FoxTunes.Scripting.csproj", "{50D995F1-CA54-42B6-BDA5-4047E720716D}"
EndProject
Project("{9A19103F-16F7-4668-BE54-9A1E7A4F7556}") = "FoxTunes.Scripting.JS", "FoxTunes.Scripting.JS\FoxTunes.Scripting.JS.csproj", "{0F6183DB-5001-4D9A-BBD3-157356B62684}"
EndProject
Project("{9A19103F-16F7-4668-BE54-9A1E7A4F7556}") = "FoxTunes.UI.Windows.Themes", "FoxTunes.UI.Windows.Themes\FoxTunes.UI.Windows.Themes.csproj", "{80FABB9C-9FA7-4232-92EB-481BE8AB8BFE}"
EndProject
Project("{9A19103F-16F7-4668-BE54-9A1E7A4F7556}") = "FoxTunes.Logging", "FoxTunes.Logging\FoxTunes.Logging.csproj", "{AB1362C8-0754-496D-85E1-3C258FF250BF}"
EndProject
Project("{9A19103F-16F7-4668-BE54-9A1E7A4F7556}") = "FoxTunes.Output.Bass", "FoxTunes.Output.Bass\FoxTunes.Output.Bass.csproj", "{676F7DD1-BF13-4317-819F-9B5D85DF18B5}"
	ProjectSection(ProjectDependencies) = postProject
		{3642C858-D103-4FDA-ADA8-CA2DA9ED0F34} = {3642C858-D103-4FDA-ADA8-CA2DA9ED0F34}
	EndProjectSection
EndProject
Project("{9A19103F-16F7-4668-BE54-9A1E7A4F7556}") = "FoxTunes.DB.SQLite", "FoxTunes.DB.SQLite\FoxTunes.DB.SQLite.csproj", "{1599399A-2873-46F5-96CD-56768AFC967E}"
EndProject
Project("{9A19103F-16F7-4668-BE54-9A1E7A4F7556}") = "FoxTunes.Output.Bass.Tests", "FoxTunes.Output.Bass.Tests\FoxTunes.Output.Bass.Tests.csproj", "{2C0511BC-FFAA-4697-B975-D0B4AA5C7433}"
EndProject
Project("{8BC9CEB8-8B4A-11D0-8D11-00A0C91BC942}") = "bass_asio_handler", "bass_asio_handler\bass_asio_handler.vcxproj", "{1DFDA520-5749-4ED7-AEE2-432C38AA9406}"
EndProject
Project("{9A19103F-16F7-4668-BE54-9A1E7A4F7556}") = "FoxTunes.Output.Bass.Asio", "FoxTunes.Output.Bass.Asio\FoxTunes.Output.Bass.Asio.csproj", "{3E8A3809-3FBA-4024-9343-2A54DAE013CA}"
	ProjectSection(ProjectDependencies) = postProject
		{1DFDA520-5749-4ED7-AEE2-432C38AA9406} = {1DFDA520-5749-4ED7-AEE2-432C38AA9406}
	EndProjectSection
EndProject
Project("{9A19103F-16F7-4668-BE54-9A1E7A4F7556}") = "FoxTunes.Output.Bass.Resampler", "FoxTunes.Output.Bass.Resampler\FoxTunes.Output.Bass.Resampler.csproj", "{A638A91C-BD8E-4475-A5FB-E4FCFF7BA61D}"
EndProject
Project("{9A19103F-16F7-4668-BE54-9A1E7A4F7556}") = "FoxTunes.Output.Bass.Gapless", "FoxTunes.Output.Bass.Gapless\FoxTunes.Output.Bass.Gapless.csproj", "{526DF089-AA89-45C8-8C8A-A5E6780075DC}"
EndProject
Project("{9A19103F-16F7-4668-BE54-9A1E7A4F7556}") = "FoxTunes.Output.Bass.DirectSound", "FoxTunes.Output.Bass.DirectSound\FoxTunes.Output.Bass.DirectSound.csproj", "{4EAF00DA-FE41-46ED-AFB5-3A543BCF0BF9}"
EndProject
Project("{9A19103F-16F7-4668-BE54-9A1E7A4F7556}") = "FoxTunes.Output.Bass.Dsd", "FoxTunes.Output.Bass.Dsd\FoxTunes.Output.Bass.Dsd.csproj", "{2E2722F2-8C19-4022-8E5E-36B9A9983CB3}"
	ProjectSection(ProjectDependencies) = postProject
		{530C8EC7-66B4-4A17-9BF4-001193151FDA} = {530C8EC7-66B4-4A17-9BF4-001193151FDA}
	EndProjectSection
EndProject
Project("{9A19103F-16F7-4668-BE54-9A1E7A4F7556}") = "FoxTunes.Output.Bass.Wasapi", "FoxTunes.Output.Bass.Wasapi\FoxTunes.Output.Bass.Wasapi.csproj", "{E334BA97-5450-4960-84DA-B7C5E09589E4}"
	ProjectSection(ProjectDependencies) = postProject
		{C1A0B5D4-9245-47EE-95A9-8654A9F5CF00} = {C1A0B5D4-9245-47EE-95A9-8654A9F5CF00}
	EndProjectSection
EndProject
Project("{8BC9CEB8-8B4A-11D0-8D11-00A0C91BC942}") = "bass_wasapi_handler", "bass_wasapi_handler\bass_wasapi_handler.vcxproj", "{C1A0B5D4-9245-47EE-95A9-8654A9F5CF00}"
EndProject
Project("{9A19103F-16F7-4668-BE54-9A1E7A4F7556}") = "FoxTunes.Output.Bass.Cd", "FoxTunes.Output.Bass.Cd\FoxTunes.Output.Bass.Cd.csproj", "{23D4420F-18BA-4A72-BC63-8ACB7FA2B09A}"
EndProject
Project("{9A19103F-16F7-4668-BE54-9A1E7A4F7556}") = "FoxTunes.Output.Bass.Dts", "FoxTunes.Output.Bass.Dts\FoxTunes.Output.Bass.Dts.csproj", "{07FEA0ED-8468-41EB-9570-82697ED43915}"
EndProject
Project("{9A19103F-16F7-4668-BE54-9A1E7A4F7556}") = "FoxTunes.DB.SqlServer", "FoxTunes.DB.SqlServer\FoxTunes.DB.SqlServer.csproj", "{9FFD320F-9DCD-49C6-9F55-502B70508A20}"
EndProject
Project("{9A19103F-16F7-4668-BE54-9A1E7A4F7556}") = "FoxTunes.Core.Windows", "FoxTunes.Core.Windows\FoxTunes.Core.Windows.csproj", "{43EAACF1-6538-4D96-A209-E5A0BEA1F60E}"
EndProject
Project("{9A19103F-16F7-4668-BE54-9A1E7A4F7556}") = "FoxTunes.MetaData.FileName", "FoxTunes.MetaData.FileName\FoxTunes.MetaData.FileName.csproj", "{B7463FA4-37FD-46A6-BB2C-C985723D2D1E}"
EndProject
Project("{9A19103F-16F7-4668-BE54-9A1E7A4F7556}") = "FoxTunes.UI.Windows.LibraryBrowser", "FoxTunes.UI.Windows.LibraryBrowser\FoxTunes.UI.Windows.LibraryBrowser.csproj", "{1D1061F1-CD0E-4C2D-B2A5-880C741C3B56}"
EndProject
Project("{9A19103F-16F7-4668-BE54-9A1E7A4F7556}") = "FoxTunes.UI.Windows.MetaDataEditor", "FoxTunes.UI.Windows.MetaDataEditor\FoxTunes.UI.Windows.MetaDataEditor.csproj", "{B02498D9-D348-44B4-96B7-AFB02B542DB1}"
EndProject
Project("{8BC9CEB8-8B4A-11D0-8D11-00A0C91BC942}") = "bass_inmemory_handler", "bass_inmemory_handler\bass_inmemory_handler.vcxproj", "{3642C858-D103-4FDA-ADA8-CA2DA9ED0F34}"
EndProject
Project("{8BC9CEB8-8B4A-11D0-8D11-00A0C91BC942}") = "bass_inmemory_handler_dsd", "bass_inmemory_handler_dsd\bass_dsd_inmemory_handler.vcxproj", "{530C8EC7-66B4-4A17-9BF4-001193151FDA}"
EndProject
Project("{9A19103F-16F7-4668-BE54-9A1E7A4F7556}") = "FoxTunes.Core.Windows.UWP", "FoxTunes.Core.Windows.UWP\FoxTunes.Core.Windows.UWP.csproj", "{AC1AD8D1-5808-4E54-AB96-EA778E2F218C}"
EndProject
Project("{9A19103F-16F7-4668-BE54-9A1E7A4F7556}") = "FoxTunes.Encoder.Bass", "FoxTunes.Encoder.Bass\FoxTunes.Encoder.Bass.csproj", "{9AC6AA44-BA7F-410B-BF63-CFD0D3BBC0CE}"
EndProject
Project("{9A19103F-16F7-4668-BE54-9A1E7A4F7556}") = "FoxTunes.Encoder.Bass.Tests", "FoxTunes.Encoder.Bass.Tests\FoxTunes.Encoder.Bass.Tests.csproj", "{D1894D64-4B1B-46EA-83F0-7F37B97A9A0E}"
EndProject
Project("{9A19103F-16F7-4668-BE54-9A1E7A4F7556}") = "FoxTunes.Output.Bass.ParametricEqualizer", "FoxTunes.Output.Bass.ParametricEqualizer\FoxTunes.Output.Bass.ParametricEqualizer.csproj", "{79251496-AB74-41EA-8DAC-F402F2AC9E82}"
EndProject
Project("{9A19103F-16F7-4668-BE54-9A1E7A4F7556}") = "FoxTunes.Tools", "FoxTunes.Tools\FoxTunes.Tools.csproj", "{D96F5FF5-DDCE-42A4-BCA6-C1451292F003}"
EndProject
Project("{9A19103F-16F7-4668-BE54-9A1E7A4F7556}") = "FoxTunes.DB.Tests", "FoxTunes.DB.Tests\FoxTunes.DB.Tests.csproj", "{FC149D49-34A3-4AF7-9EB8-59FDFEBCEC81}"
EndProject
Project("{9A19103F-16F7-4668-BE54-9A1E7A4F7556}") = "FoxTunes.MetaData.TagLib.Tests", "FoxTunes.MetaData.TagLib.Tests\FoxTunes.MetaData.TagLib.Tests.csproj", "{53A2FC66-4CB5-4813-8EC2-14C8F34A0C7A}"
EndProject
Project("{9A19103F-16F7-4668-BE54-9A1E7A4F7556}") = "FoxTunes.Output.Bass.ReplayGain", "FoxTunes.Output.Bass.ReplayGain\FoxTunes.Output.Bass.ReplayGain.csproj", "{2331F558-B253-444F-9EA8-041AE077541E}"
EndProject
Project("{9A19103F-16F7-4668-BE54-9A1E7A4F7556}") = "FoxTunes.Output.Bass.ReplayGain.Tests", "FoxTunes.Output.Bass.ReplayGain.Tests\FoxTunes.Output.Bass.ReplayGain.Tests.csproj", "{9B17D853-2B15-4B77-B85E-ABC128BDD56F}"
EndProject
Project("{9A19103F-16F7-4668-BE54-9A1E7A4F7556}") = "FoxTunes.Output.Bass.Cue", "FoxTunes.Output.Bass.Cue\FoxTunes.Output.Bass.Cue.csproj", "{B310D412-A0BD-4D93-8F54-6BCC35C66744}"
EndProject
Project("{8BC9CEB8-8B4A-11D0-8D11-00A0C91BC942}") = "bass_substream_handler", "bass_substream_handler\bass_substream_handler.vcxproj", "{085D0BF6-B9D1-4DF8-93CE-3364D52E1F69}"
EndProject
Project("{9A19103F-16F7-4668-BE54-9A1E7A4F7556}") = "FoxTunes.Output.Bass.Mod", "FoxTunes.Output.Bass.Mod\FoxTunes.Output.Bass.Mod.csproj", "{5AB4D410-4754-4B16-B58F-917A7208951F}"
EndProject
Project("{9A19103F-16F7-4668-BE54-9A1E7A4F7556}") = "FoxTunes.Output.Bass.Crossfade", "FoxTunes.Output.Bass.Crossfade\FoxTunes.Output.Bass.Crossfade.csproj", "{9A08E6C9-B8BE-4091-AABA-7FE961EEF222}"
EndProject
Project("{9A19103F-16F7-4668-BE54-9A1E7A4F7556}") = "FoxTunes.UI.Windows.Layout", "FoxTunes.UI.Windows.Layout\FoxTunes.UI.Windows.Layout.csproj", "{6B604D8D-5706-4F62-BEB9-ABA6736EBDB8}"
EndProject
Project("{9A19103F-16F7-4668-BE54-9A1E7A4F7556}") = "FoxTunes.UI.Windows.WaveBar", "FoxTunes.UI.Windows.WaveBar\FoxTunes.UI.Windows.WaveBar.csproj", "{5710F502-27C8-4413-B0FC-6A41F2E8B0FF}"
EndProject
Project("{9A19103F-16F7-4668-BE54-9A1E7A4F7556}") = "FoxTunes.UI.Windows.Spectrum", "FoxTunes.UI.Windows.Spectrum\FoxTunes.UI.Windows.Spectrum.csproj", "{C32F377E-964A-46DF-B0D2-5603AB25B454}"
EndProject
Project("{9A19103F-16F7-4668-BE54-9A1E7A4F7556}") = "FoxTunes.UI.Windows.Ratings", "FoxTunes.UI.Windows.Ratings\FoxTunes.UI.Windows.Ratings.csproj", "{0CBBF950-DAE9-4AF5-B62F-1ECB29C75D87}"
EndProject
Project("{9A19103F-16F7-4668-BE54-9A1E7A4F7556}") = "FoxTunes.Statistics", "FoxTunes.Statistics\FoxTunes.Statistics.csproj", "{CFBB8D2B-FCE3-43A0-A7DC-E6FA1786850F}"
EndProject
Project("{9A19103F-16F7-4668-BE54-9A1E7A4F7556}") = "FoxTunes.UI.Windows.Lyrics", "FoxTunes.UI.Windows.Lyrics\FoxTunes.UI.Windows.Lyrics.csproj", "{D12DBBC4-9B7F-4266-B613-ADA2EE17F1FE}"
EndProject
Project("{FAE04EC0-301F-11D3-BF4B-00C04F79EFBC}") = "FoxTunes.UI.Windows.Snapping", "FoxTunes.UI.Windows.Snapping\FoxTunes.UI.Windows.Snapping.csproj", "{5F4775F6-B042-4068-B4E6-5B49A247C256}"
EndProject
Global
	GlobalSection(SolutionConfigurationPlatforms) = preSolution
		Debug|x64 = Debug|x64
		Debug|x86 = Debug|x86
		Release|x64 = Release|x64
		Release|x86 = Release|x86
	EndGlobalSection
	GlobalSection(ProjectConfigurationPlatforms) = postSolution
		{62CD8F70-8415-4C15-B672-CB18475ABD7E}.Debug|x64.ActiveCfg = Debug|x64
		{62CD8F70-8415-4C15-B672-CB18475ABD7E}.Debug|x64.Build.0 = Debug|x64
		{62CD8F70-8415-4C15-B672-CB18475ABD7E}.Debug|x86.ActiveCfg = Debug|x86
		{62CD8F70-8415-4C15-B672-CB18475ABD7E}.Debug|x86.Build.0 = Debug|x86
		{62CD8F70-8415-4C15-B672-CB18475ABD7E}.Release|x64.ActiveCfg = Release|x64
		{62CD8F70-8415-4C15-B672-CB18475ABD7E}.Release|x64.Build.0 = Release|x64
		{62CD8F70-8415-4C15-B672-CB18475ABD7E}.Release|x86.ActiveCfg = Release|x86
		{62CD8F70-8415-4C15-B672-CB18475ABD7E}.Release|x86.Build.0 = Release|x86
		{C5C3BD3A-E2B7-4258-B705-704C502AF38B}.Debug|x64.ActiveCfg = Debug|x64
		{C5C3BD3A-E2B7-4258-B705-704C502AF38B}.Debug|x64.Build.0 = Debug|x64
		{C5C3BD3A-E2B7-4258-B705-704C502AF38B}.Debug|x86.ActiveCfg = Debug|x86
		{C5C3BD3A-E2B7-4258-B705-704C502AF38B}.Debug|x86.Build.0 = Debug|x86
		{C5C3BD3A-E2B7-4258-B705-704C502AF38B}.Release|x64.ActiveCfg = Release|x64
		{C5C3BD3A-E2B7-4258-B705-704C502AF38B}.Release|x64.Build.0 = Release|x64
		{C5C3BD3A-E2B7-4258-B705-704C502AF38B}.Release|x86.ActiveCfg = Release|x86
		{C5C3BD3A-E2B7-4258-B705-704C502AF38B}.Release|x86.Build.0 = Release|x86
		{538D4230-E484-44AB-B690-D1033773C8B7}.Debug|x64.ActiveCfg = Debug|x64
		{538D4230-E484-44AB-B690-D1033773C8B7}.Debug|x64.Build.0 = Debug|x64
		{538D4230-E484-44AB-B690-D1033773C8B7}.Debug|x86.ActiveCfg = Debug|x86
		{538D4230-E484-44AB-B690-D1033773C8B7}.Debug|x86.Build.0 = Debug|x86
		{538D4230-E484-44AB-B690-D1033773C8B7}.Release|x64.ActiveCfg = Release|x64
		{538D4230-E484-44AB-B690-D1033773C8B7}.Release|x64.Build.0 = Release|x64
		{538D4230-E484-44AB-B690-D1033773C8B7}.Release|x86.ActiveCfg = Release|x86
		{538D4230-E484-44AB-B690-D1033773C8B7}.Release|x86.Build.0 = Release|x86
		{610985F5-26AE-42B5-9733-61EBBAB36E0A}.Debug|x64.ActiveCfg = Debug|x64
		{610985F5-26AE-42B5-9733-61EBBAB36E0A}.Debug|x64.Build.0 = Debug|x64
		{610985F5-26AE-42B5-9733-61EBBAB36E0A}.Debug|x86.ActiveCfg = Debug|x86
		{610985F5-26AE-42B5-9733-61EBBAB36E0A}.Debug|x86.Build.0 = Debug|x86
		{610985F5-26AE-42B5-9733-61EBBAB36E0A}.Release|x64.ActiveCfg = Release|x64
		{610985F5-26AE-42B5-9733-61EBBAB36E0A}.Release|x64.Build.0 = Release|x64
		{610985F5-26AE-42B5-9733-61EBBAB36E0A}.Release|x86.ActiveCfg = Release|x86
		{610985F5-26AE-42B5-9733-61EBBAB36E0A}.Release|x86.Build.0 = Release|x86
		{64ED8F47-C8A1-4D23-943D-1C0F74D39D9D}.Debug|x64.ActiveCfg = Debug|x64
		{64ED8F47-C8A1-4D23-943D-1C0F74D39D9D}.Debug|x64.Build.0 = Debug|x64
		{64ED8F47-C8A1-4D23-943D-1C0F74D39D9D}.Debug|x86.ActiveCfg = Debug|x86
		{64ED8F47-C8A1-4D23-943D-1C0F74D39D9D}.Debug|x86.Build.0 = Debug|x86
		{64ED8F47-C8A1-4D23-943D-1C0F74D39D9D}.Release|x64.ActiveCfg = Release|x64
		{64ED8F47-C8A1-4D23-943D-1C0F74D39D9D}.Release|x64.Build.0 = Release|x64
		{64ED8F47-C8A1-4D23-943D-1C0F74D39D9D}.Release|x86.ActiveCfg = Release|x86
		{64ED8F47-C8A1-4D23-943D-1C0F74D39D9D}.Release|x86.Build.0 = Release|x86
		{DBD01AF8-68F0-402C-8175-4583C0F44066}.Debug|x64.ActiveCfg = Debug|x64
		{DBD01AF8-68F0-402C-8175-4583C0F44066}.Debug|x64.Build.0 = Debug|x64
		{DBD01AF8-68F0-402C-8175-4583C0F44066}.Debug|x86.ActiveCfg = Debug|x86
		{DBD01AF8-68F0-402C-8175-4583C0F44066}.Debug|x86.Build.0 = Debug|x86
		{DBD01AF8-68F0-402C-8175-4583C0F44066}.Release|x64.ActiveCfg = Release|x64
		{DBD01AF8-68F0-402C-8175-4583C0F44066}.Release|x64.Build.0 = Release|x64
		{DBD01AF8-68F0-402C-8175-4583C0F44066}.Release|x86.ActiveCfg = Release|x86
		{DBD01AF8-68F0-402C-8175-4583C0F44066}.Release|x86.Build.0 = Release|x86
		{C031B8F2-B799-4881-8140-DE1D11A23FD8}.Debug|x64.ActiveCfg = Debug|x64
		{C031B8F2-B799-4881-8140-DE1D11A23FD8}.Debug|x64.Build.0 = Debug|x64
		{C031B8F2-B799-4881-8140-DE1D11A23FD8}.Debug|x86.ActiveCfg = Debug|x86
		{C031B8F2-B799-4881-8140-DE1D11A23FD8}.Debug|x86.Build.0 = Debug|x86
		{C031B8F2-B799-4881-8140-DE1D11A23FD8}.Release|x64.ActiveCfg = Release|x64
		{C031B8F2-B799-4881-8140-DE1D11A23FD8}.Release|x64.Build.0 = Release|x64
		{C031B8F2-B799-4881-8140-DE1D11A23FD8}.Release|x86.ActiveCfg = Release|x86
		{C031B8F2-B799-4881-8140-DE1D11A23FD8}.Release|x86.Build.0 = Release|x86
		{9660A7C2-D1F7-4D17-8087-5B82AFEAA6D7}.Debug|x64.ActiveCfg = Debug|x64
		{9660A7C2-D1F7-4D17-8087-5B82AFEAA6D7}.Debug|x64.Build.0 = Debug|x64
		{9660A7C2-D1F7-4D17-8087-5B82AFEAA6D7}.Debug|x86.ActiveCfg = Debug|x86
		{9660A7C2-D1F7-4D17-8087-5B82AFEAA6D7}.Debug|x86.Build.0 = Debug|x86
		{9660A7C2-D1F7-4D17-8087-5B82AFEAA6D7}.Release|x64.ActiveCfg = Release|x64
		{9660A7C2-D1F7-4D17-8087-5B82AFEAA6D7}.Release|x64.Build.0 = Release|x64
		{9660A7C2-D1F7-4D17-8087-5B82AFEAA6D7}.Release|x86.ActiveCfg = Release|x86
		{9660A7C2-D1F7-4D17-8087-5B82AFEAA6D7}.Release|x86.Build.0 = Release|x86
		{395751A0-49B7-49DC-88A8-02B14A322E99}.Debug|x64.ActiveCfg = Debug|x64
		{395751A0-49B7-49DC-88A8-02B14A322E99}.Debug|x64.Build.0 = Debug|x64
		{395751A0-49B7-49DC-88A8-02B14A322E99}.Debug|x86.ActiveCfg = Debug|x86
		{395751A0-49B7-49DC-88A8-02B14A322E99}.Debug|x86.Build.0 = Debug|x86
		{395751A0-49B7-49DC-88A8-02B14A322E99}.Release|x64.ActiveCfg = Release|x64
		{395751A0-49B7-49DC-88A8-02B14A322E99}.Release|x64.Build.0 = Release|x64
		{395751A0-49B7-49DC-88A8-02B14A322E99}.Release|x86.ActiveCfg = Release|x86
		{395751A0-49B7-49DC-88A8-02B14A322E99}.Release|x86.Build.0 = Release|x86
		{1BCB836B-688F-4183-8702-EFF08440CC8A}.Debug|x64.ActiveCfg = Debug|x64
		{1BCB836B-688F-4183-8702-EFF08440CC8A}.Debug|x64.Build.0 = Debug|x64
		{1BCB836B-688F-4183-8702-EFF08440CC8A}.Debug|x86.ActiveCfg = Debug|x86
		{1BCB836B-688F-4183-8702-EFF08440CC8A}.Debug|x86.Build.0 = Debug|x86
		{1BCB836B-688F-4183-8702-EFF08440CC8A}.Release|x64.ActiveCfg = Release|x64
		{1BCB836B-688F-4183-8702-EFF08440CC8A}.Release|x64.Build.0 = Release|x64
		{1BCB836B-688F-4183-8702-EFF08440CC8A}.Release|x86.ActiveCfg = Release|x86
		{1BCB836B-688F-4183-8702-EFF08440CC8A}.Release|x86.Build.0 = Release|x86
		{50D995F1-CA54-42B6-BDA5-4047E720716D}.Debug|x64.ActiveCfg = Debug|x64
		{50D995F1-CA54-42B6-BDA5-4047E720716D}.Debug|x64.Build.0 = Debug|x64
		{50D995F1-CA54-42B6-BDA5-4047E720716D}.Debug|x86.ActiveCfg = Debug|x86
		{50D995F1-CA54-42B6-BDA5-4047E720716D}.Debug|x86.Build.0 = Debug|x86
		{50D995F1-CA54-42B6-BDA5-4047E720716D}.Release|x64.ActiveCfg = Release|x64
		{50D995F1-CA54-42B6-BDA5-4047E720716D}.Release|x64.Build.0 = Release|x64
		{50D995F1-CA54-42B6-BDA5-4047E720716D}.Release|x86.ActiveCfg = Release|x86
		{50D995F1-CA54-42B6-BDA5-4047E720716D}.Release|x86.Build.0 = Release|x86
		{0F6183DB-5001-4D9A-BBD3-157356B62684}.Debug|x64.ActiveCfg = Debug|x64
		{0F6183DB-5001-4D9A-BBD3-157356B62684}.Debug|x64.Build.0 = Debug|x64
		{0F6183DB-5001-4D9A-BBD3-157356B62684}.Debug|x86.ActiveCfg = Debug|x86
		{0F6183DB-5001-4D9A-BBD3-157356B62684}.Debug|x86.Build.0 = Debug|x86
		{0F6183DB-5001-4D9A-BBD3-157356B62684}.Release|x64.ActiveCfg = Release|x64
		{0F6183DB-5001-4D9A-BBD3-157356B62684}.Release|x64.Build.0 = Release|x64
		{0F6183DB-5001-4D9A-BBD3-157356B62684}.Release|x86.ActiveCfg = Release|x86
		{0F6183DB-5001-4D9A-BBD3-157356B62684}.Release|x86.Build.0 = Release|x86
		{80FABB9C-9FA7-4232-92EB-481BE8AB8BFE}.Debug|x64.ActiveCfg = Debug|x64
		{80FABB9C-9FA7-4232-92EB-481BE8AB8BFE}.Debug|x64.Build.0 = Debug|x64
		{80FABB9C-9FA7-4232-92EB-481BE8AB8BFE}.Debug|x86.ActiveCfg = Debug|x86
		{80FABB9C-9FA7-4232-92EB-481BE8AB8BFE}.Debug|x86.Build.0 = Debug|x86
		{80FABB9C-9FA7-4232-92EB-481BE8AB8BFE}.Release|x64.ActiveCfg = Release|x64
		{80FABB9C-9FA7-4232-92EB-481BE8AB8BFE}.Release|x64.Build.0 = Release|x64
		{80FABB9C-9FA7-4232-92EB-481BE8AB8BFE}.Release|x86.ActiveCfg = Release|x86
		{80FABB9C-9FA7-4232-92EB-481BE8AB8BFE}.Release|x86.Build.0 = Release|x86
		{AB1362C8-0754-496D-85E1-3C258FF250BF}.Debug|x64.ActiveCfg = Debug|x64
		{AB1362C8-0754-496D-85E1-3C258FF250BF}.Debug|x64.Build.0 = Debug|x64
		{AB1362C8-0754-496D-85E1-3C258FF250BF}.Debug|x86.ActiveCfg = Debug|x86
		{AB1362C8-0754-496D-85E1-3C258FF250BF}.Debug|x86.Build.0 = Debug|x86
		{AB1362C8-0754-496D-85E1-3C258FF250BF}.Release|x64.ActiveCfg = Release|x64
		{AB1362C8-0754-496D-85E1-3C258FF250BF}.Release|x64.Build.0 = Release|x64
		{AB1362C8-0754-496D-85E1-3C258FF250BF}.Release|x86.ActiveCfg = Release|x86
		{AB1362C8-0754-496D-85E1-3C258FF250BF}.Release|x86.Build.0 = Release|x86
		{676F7DD1-BF13-4317-819F-9B5D85DF18B5}.Debug|x64.ActiveCfg = Debug|x64
		{676F7DD1-BF13-4317-819F-9B5D85DF18B5}.Debug|x64.Build.0 = Debug|x64
		{676F7DD1-BF13-4317-819F-9B5D85DF18B5}.Debug|x86.ActiveCfg = Debug|x86
		{676F7DD1-BF13-4317-819F-9B5D85DF18B5}.Debug|x86.Build.0 = Debug|x86
		{676F7DD1-BF13-4317-819F-9B5D85DF18B5}.Release|x64.ActiveCfg = Release|x64
		{676F7DD1-BF13-4317-819F-9B5D85DF18B5}.Release|x64.Build.0 = Release|x64
		{676F7DD1-BF13-4317-819F-9B5D85DF18B5}.Release|x86.ActiveCfg = Release|x86
		{676F7DD1-BF13-4317-819F-9B5D85DF18B5}.Release|x86.Build.0 = Release|x86
		{1599399A-2873-46F5-96CD-56768AFC967E}.Debug|x64.ActiveCfg = Debug|x64
		{1599399A-2873-46F5-96CD-56768AFC967E}.Debug|x64.Build.0 = Debug|x64
		{1599399A-2873-46F5-96CD-56768AFC967E}.Debug|x86.ActiveCfg = Debug|x86
		{1599399A-2873-46F5-96CD-56768AFC967E}.Debug|x86.Build.0 = Debug|x86
		{1599399A-2873-46F5-96CD-56768AFC967E}.Release|x64.ActiveCfg = Release|x64
		{1599399A-2873-46F5-96CD-56768AFC967E}.Release|x64.Build.0 = Release|x64
		{1599399A-2873-46F5-96CD-56768AFC967E}.Release|x86.ActiveCfg = Release|x86
		{1599399A-2873-46F5-96CD-56768AFC967E}.Release|x86.Build.0 = Release|x86
		{2C0511BC-FFAA-4697-B975-D0B4AA5C7433}.Debug|x64.ActiveCfg = Debug|x64
		{2C0511BC-FFAA-4697-B975-D0B4AA5C7433}.Debug|x64.Build.0 = Debug|x64
		{2C0511BC-FFAA-4697-B975-D0B4AA5C7433}.Debug|x86.ActiveCfg = Debug|x86
		{2C0511BC-FFAA-4697-B975-D0B4AA5C7433}.Debug|x86.Build.0 = Debug|x86
		{2C0511BC-FFAA-4697-B975-D0B4AA5C7433}.Release|x64.ActiveCfg = Release|x64
		{2C0511BC-FFAA-4697-B975-D0B4AA5C7433}.Release|x64.Build.0 = Release|x64
		{2C0511BC-FFAA-4697-B975-D0B4AA5C7433}.Release|x86.ActiveCfg = Release|x86
		{2C0511BC-FFAA-4697-B975-D0B4AA5C7433}.Release|x86.Build.0 = Release|x86
		{1DFDA520-5749-4ED7-AEE2-432C38AA9406}.Debug|x64.ActiveCfg = Release|x64
		{1DFDA520-5749-4ED7-AEE2-432C38AA9406}.Debug|x64.Build.0 = Release|x64
		{1DFDA520-5749-4ED7-AEE2-432C38AA9406}.Debug|x86.ActiveCfg = Release|Win32
		{1DFDA520-5749-4ED7-AEE2-432C38AA9406}.Debug|x86.Build.0 = Release|Win32
		{1DFDA520-5749-4ED7-AEE2-432C38AA9406}.Release|x64.ActiveCfg = Release|x64
		{1DFDA520-5749-4ED7-AEE2-432C38AA9406}.Release|x64.Build.0 = Release|x64
		{1DFDA520-5749-4ED7-AEE2-432C38AA9406}.Release|x86.ActiveCfg = Release|Win32
		{1DFDA520-5749-4ED7-AEE2-432C38AA9406}.Release|x86.Build.0 = Release|Win32
		{3E8A3809-3FBA-4024-9343-2A54DAE013CA}.Debug|x64.ActiveCfg = Debug|x64
		{3E8A3809-3FBA-4024-9343-2A54DAE013CA}.Debug|x64.Build.0 = Debug|x64
		{3E8A3809-3FBA-4024-9343-2A54DAE013CA}.Debug|x86.ActiveCfg = Debug|x86
		{3E8A3809-3FBA-4024-9343-2A54DAE013CA}.Debug|x86.Build.0 = Debug|x86
		{3E8A3809-3FBA-4024-9343-2A54DAE013CA}.Release|x64.ActiveCfg = Release|x64
		{3E8A3809-3FBA-4024-9343-2A54DAE013CA}.Release|x64.Build.0 = Release|x64
		{3E8A3809-3FBA-4024-9343-2A54DAE013CA}.Release|x86.ActiveCfg = Release|x86
		{3E8A3809-3FBA-4024-9343-2A54DAE013CA}.Release|x86.Build.0 = Release|x86
		{A638A91C-BD8E-4475-A5FB-E4FCFF7BA61D}.Debug|x64.ActiveCfg = Debug|x64
		{A638A91C-BD8E-4475-A5FB-E4FCFF7BA61D}.Debug|x64.Build.0 = Debug|x64
		{A638A91C-BD8E-4475-A5FB-E4FCFF7BA61D}.Debug|x86.ActiveCfg = Debug|x86
		{A638A91C-BD8E-4475-A5FB-E4FCFF7BA61D}.Debug|x86.Build.0 = Debug|x86
		{A638A91C-BD8E-4475-A5FB-E4FCFF7BA61D}.Release|x64.ActiveCfg = Release|x64
		{A638A91C-BD8E-4475-A5FB-E4FCFF7BA61D}.Release|x64.Build.0 = Release|x64
		{A638A91C-BD8E-4475-A5FB-E4FCFF7BA61D}.Release|x86.ActiveCfg = Release|x86
		{A638A91C-BD8E-4475-A5FB-E4FCFF7BA61D}.Release|x86.Build.0 = Release|x86
		{526DF089-AA89-45C8-8C8A-A5E6780075DC}.Debug|x64.ActiveCfg = Debug|x64
		{526DF089-AA89-45C8-8C8A-A5E6780075DC}.Debug|x64.Build.0 = Debug|x64
		{526DF089-AA89-45C8-8C8A-A5E6780075DC}.Debug|x86.ActiveCfg = Debug|x86
		{526DF089-AA89-45C8-8C8A-A5E6780075DC}.Debug|x86.Build.0 = Debug|x86
		{526DF089-AA89-45C8-8C8A-A5E6780075DC}.Release|x64.ActiveCfg = Release|x64
		{526DF089-AA89-45C8-8C8A-A5E6780075DC}.Release|x64.Build.0 = Release|x64
		{526DF089-AA89-45C8-8C8A-A5E6780075DC}.Release|x86.ActiveCfg = Release|x86
		{526DF089-AA89-45C8-8C8A-A5E6780075DC}.Release|x86.Build.0 = Release|x86
		{4EAF00DA-FE41-46ED-AFB5-3A543BCF0BF9}.Debug|x64.ActiveCfg = Debug|x64
		{4EAF00DA-FE41-46ED-AFB5-3A543BCF0BF9}.Debug|x64.Build.0 = Debug|x64
		{4EAF00DA-FE41-46ED-AFB5-3A543BCF0BF9}.Debug|x86.ActiveCfg = Debug|x86
		{4EAF00DA-FE41-46ED-AFB5-3A543BCF0BF9}.Debug|x86.Build.0 = Debug|x86
		{4EAF00DA-FE41-46ED-AFB5-3A543BCF0BF9}.Release|x64.ActiveCfg = Release|x64
		{4EAF00DA-FE41-46ED-AFB5-3A543BCF0BF9}.Release|x64.Build.0 = Release|x64
		{4EAF00DA-FE41-46ED-AFB5-3A543BCF0BF9}.Release|x86.ActiveCfg = Release|x86
		{4EAF00DA-FE41-46ED-AFB5-3A543BCF0BF9}.Release|x86.Build.0 = Release|x86
		{2E2722F2-8C19-4022-8E5E-36B9A9983CB3}.Debug|x64.ActiveCfg = Debug|x64
		{2E2722F2-8C19-4022-8E5E-36B9A9983CB3}.Debug|x64.Build.0 = Debug|x64
		{2E2722F2-8C19-4022-8E5E-36B9A9983CB3}.Debug|x86.ActiveCfg = Debug|x86
		{2E2722F2-8C19-4022-8E5E-36B9A9983CB3}.Debug|x86.Build.0 = Debug|x86
		{2E2722F2-8C19-4022-8E5E-36B9A9983CB3}.Release|x64.ActiveCfg = Release|x64
		{2E2722F2-8C19-4022-8E5E-36B9A9983CB3}.Release|x64.Build.0 = Release|x64
		{2E2722F2-8C19-4022-8E5E-36B9A9983CB3}.Release|x86.ActiveCfg = Release|x86
		{2E2722F2-8C19-4022-8E5E-36B9A9983CB3}.Release|x86.Build.0 = Release|x86
		{E334BA97-5450-4960-84DA-B7C5E09589E4}.Debug|x64.ActiveCfg = Debug|x64
		{E334BA97-5450-4960-84DA-B7C5E09589E4}.Debug|x64.Build.0 = Debug|x64
		{E334BA97-5450-4960-84DA-B7C5E09589E4}.Debug|x86.ActiveCfg = Debug|x86
		{E334BA97-5450-4960-84DA-B7C5E09589E4}.Debug|x86.Build.0 = Debug|x86
		{E334BA97-5450-4960-84DA-B7C5E09589E4}.Release|x64.ActiveCfg = Release|x64
		{E334BA97-5450-4960-84DA-B7C5E09589E4}.Release|x64.Build.0 = Release|x64
		{E334BA97-5450-4960-84DA-B7C5E09589E4}.Release|x86.ActiveCfg = Release|x86
		{E334BA97-5450-4960-84DA-B7C5E09589E4}.Release|x86.Build.0 = Release|x86
		{C1A0B5D4-9245-47EE-95A9-8654A9F5CF00}.Debug|x64.ActiveCfg = Release|x64
		{C1A0B5D4-9245-47EE-95A9-8654A9F5CF00}.Debug|x64.Build.0 = Release|x64
		{C1A0B5D4-9245-47EE-95A9-8654A9F5CF00}.Debug|x86.ActiveCfg = Release|Win32
		{C1A0B5D4-9245-47EE-95A9-8654A9F5CF00}.Debug|x86.Build.0 = Release|Win32
		{C1A0B5D4-9245-47EE-95A9-8654A9F5CF00}.Release|x64.ActiveCfg = Release|x64
		{C1A0B5D4-9245-47EE-95A9-8654A9F5CF00}.Release|x64.Build.0 = Release|x64
		{C1A0B5D4-9245-47EE-95A9-8654A9F5CF00}.Release|x86.ActiveCfg = Release|Win32
		{C1A0B5D4-9245-47EE-95A9-8654A9F5CF00}.Release|x86.Build.0 = Release|Win32
		{23D4420F-18BA-4A72-BC63-8ACB7FA2B09A}.Debug|x64.ActiveCfg = Debug|x64
		{23D4420F-18BA-4A72-BC63-8ACB7FA2B09A}.Debug|x64.Build.0 = Debug|x64
		{23D4420F-18BA-4A72-BC63-8ACB7FA2B09A}.Debug|x86.ActiveCfg = Debug|x86
		{23D4420F-18BA-4A72-BC63-8ACB7FA2B09A}.Debug|x86.Build.0 = Debug|x86
		{23D4420F-18BA-4A72-BC63-8ACB7FA2B09A}.Release|x64.ActiveCfg = Release|x64
		{23D4420F-18BA-4A72-BC63-8ACB7FA2B09A}.Release|x64.Build.0 = Release|x64
		{23D4420F-18BA-4A72-BC63-8ACB7FA2B09A}.Release|x86.ActiveCfg = Release|x86
		{23D4420F-18BA-4A72-BC63-8ACB7FA2B09A}.Release|x86.Build.0 = Release|x86
		{07FEA0ED-8468-41EB-9570-82697ED43915}.Debug|x64.ActiveCfg = Debug|x64
		{07FEA0ED-8468-41EB-9570-82697ED43915}.Debug|x64.Build.0 = Debug|x64
		{07FEA0ED-8468-41EB-9570-82697ED43915}.Debug|x86.ActiveCfg = Debug|x86
		{07FEA0ED-8468-41EB-9570-82697ED43915}.Debug|x86.Build.0 = Debug|x86
		{07FEA0ED-8468-41EB-9570-82697ED43915}.Release|x64.ActiveCfg = Release|x64
		{07FEA0ED-8468-41EB-9570-82697ED43915}.Release|x64.Build.0 = Release|x64
		{07FEA0ED-8468-41EB-9570-82697ED43915}.Release|x86.ActiveCfg = Release|x86
		{07FEA0ED-8468-41EB-9570-82697ED43915}.Release|x86.Build.0 = Release|x86
		{9FFD320F-9DCD-49C6-9F55-502B70508A20}.Debug|x64.ActiveCfg = Debug|x64
		{9FFD320F-9DCD-49C6-9F55-502B70508A20}.Debug|x64.Build.0 = Debug|x64
		{9FFD320F-9DCD-49C6-9F55-502B70508A20}.Debug|x86.ActiveCfg = Debug|x86
		{9FFD320F-9DCD-49C6-9F55-502B70508A20}.Debug|x86.Build.0 = Debug|x86
		{9FFD320F-9DCD-49C6-9F55-502B70508A20}.Release|x64.ActiveCfg = Release|x64
		{9FFD320F-9DCD-49C6-9F55-502B70508A20}.Release|x64.Build.0 = Release|x64
		{9FFD320F-9DCD-49C6-9F55-502B70508A20}.Release|x86.ActiveCfg = Release|x86
		{9FFD320F-9DCD-49C6-9F55-502B70508A20}.Release|x86.Build.0 = Release|x86
		{43EAACF1-6538-4D96-A209-E5A0BEA1F60E}.Debug|x64.ActiveCfg = Debug|x64
		{43EAACF1-6538-4D96-A209-E5A0BEA1F60E}.Debug|x64.Build.0 = Debug|x64
		{43EAACF1-6538-4D96-A209-E5A0BEA1F60E}.Debug|x86.ActiveCfg = Debug|x86
		{43EAACF1-6538-4D96-A209-E5A0BEA1F60E}.Debug|x86.Build.0 = Debug|x86
		{43EAACF1-6538-4D96-A209-E5A0BEA1F60E}.Release|x64.ActiveCfg = Release|x64
		{43EAACF1-6538-4D96-A209-E5A0BEA1F60E}.Release|x64.Build.0 = Release|x64
		{43EAACF1-6538-4D96-A209-E5A0BEA1F60E}.Release|x86.ActiveCfg = Release|x86
		{43EAACF1-6538-4D96-A209-E5A0BEA1F60E}.Release|x86.Build.0 = Release|x86
		{B7463FA4-37FD-46A6-BB2C-C985723D2D1E}.Debug|x64.ActiveCfg = Debug|x64
		{B7463FA4-37FD-46A6-BB2C-C985723D2D1E}.Debug|x64.Build.0 = Debug|x64
		{B7463FA4-37FD-46A6-BB2C-C985723D2D1E}.Debug|x86.ActiveCfg = Debug|x86
		{B7463FA4-37FD-46A6-BB2C-C985723D2D1E}.Debug|x86.Build.0 = Debug|x86
		{B7463FA4-37FD-46A6-BB2C-C985723D2D1E}.Release|x64.ActiveCfg = Release|x64
		{B7463FA4-37FD-46A6-BB2C-C985723D2D1E}.Release|x64.Build.0 = Release|x64
		{B7463FA4-37FD-46A6-BB2C-C985723D2D1E}.Release|x86.ActiveCfg = Release|x86
		{B7463FA4-37FD-46A6-BB2C-C985723D2D1E}.Release|x86.Build.0 = Release|x86
		{1D1061F1-CD0E-4C2D-B2A5-880C741C3B56}.Debug|x64.ActiveCfg = Debug|x64
		{1D1061F1-CD0E-4C2D-B2A5-880C741C3B56}.Debug|x64.Build.0 = Debug|x64
		{1D1061F1-CD0E-4C2D-B2A5-880C741C3B56}.Debug|x86.ActiveCfg = Debug|x86
		{1D1061F1-CD0E-4C2D-B2A5-880C741C3B56}.Debug|x86.Build.0 = Debug|x86
		{1D1061F1-CD0E-4C2D-B2A5-880C741C3B56}.Release|x64.ActiveCfg = Release|x64
		{1D1061F1-CD0E-4C2D-B2A5-880C741C3B56}.Release|x64.Build.0 = Release|x64
		{1D1061F1-CD0E-4C2D-B2A5-880C741C3B56}.Release|x86.ActiveCfg = Release|x86
		{1D1061F1-CD0E-4C2D-B2A5-880C741C3B56}.Release|x86.Build.0 = Release|x86
		{B02498D9-D348-44B4-96B7-AFB02B542DB1}.Debug|x64.ActiveCfg = Debug|x64
		{B02498D9-D348-44B4-96B7-AFB02B542DB1}.Debug|x64.Build.0 = Debug|x64
		{B02498D9-D348-44B4-96B7-AFB02B542DB1}.Debug|x86.ActiveCfg = Debug|x86
		{B02498D9-D348-44B4-96B7-AFB02B542DB1}.Debug|x86.Build.0 = Debug|x86
		{B02498D9-D348-44B4-96B7-AFB02B542DB1}.Release|x64.ActiveCfg = Release|x64
		{B02498D9-D348-44B4-96B7-AFB02B542DB1}.Release|x64.Build.0 = Release|x64
		{B02498D9-D348-44B4-96B7-AFB02B542DB1}.Release|x86.ActiveCfg = Release|x86
		{B02498D9-D348-44B4-96B7-AFB02B542DB1}.Release|x86.Build.0 = Release|x86
		{3642C858-D103-4FDA-ADA8-CA2DA9ED0F34}.Debug|x64.ActiveCfg = Release|x64
		{3642C858-D103-4FDA-ADA8-CA2DA9ED0F34}.Debug|x64.Build.0 = Release|x64
		{3642C858-D103-4FDA-ADA8-CA2DA9ED0F34}.Debug|x86.ActiveCfg = Release|Win32
		{3642C858-D103-4FDA-ADA8-CA2DA9ED0F34}.Debug|x86.Build.0 = Release|Win32
		{3642C858-D103-4FDA-ADA8-CA2DA9ED0F34}.Release|x64.ActiveCfg = Release|x64
		{3642C858-D103-4FDA-ADA8-CA2DA9ED0F34}.Release|x64.Build.0 = Release|x64
		{3642C858-D103-4FDA-ADA8-CA2DA9ED0F34}.Release|x86.ActiveCfg = Release|Win32
		{3642C858-D103-4FDA-ADA8-CA2DA9ED0F34}.Release|x86.Build.0 = Release|Win32
		{530C8EC7-66B4-4A17-9BF4-001193151FDA}.Debug|x64.ActiveCfg = Release|x64
		{530C8EC7-66B4-4A17-9BF4-001193151FDA}.Debug|x64.Build.0 = Release|x64
		{530C8EC7-66B4-4A17-9BF4-001193151FDA}.Debug|x86.ActiveCfg = Release|Win32
		{530C8EC7-66B4-4A17-9BF4-001193151FDA}.Debug|x86.Build.0 = Release|Win32
		{530C8EC7-66B4-4A17-9BF4-001193151FDA}.Release|x64.ActiveCfg = Release|x64
		{530C8EC7-66B4-4A17-9BF4-001193151FDA}.Release|x64.Build.0 = Release|x64
		{530C8EC7-66B4-4A17-9BF4-001193151FDA}.Release|x86.ActiveCfg = Release|Win32
		{530C8EC7-66B4-4A17-9BF4-001193151FDA}.Release|x86.Build.0 = Release|Win32
		{AC1AD8D1-5808-4E54-AB96-EA778E2F218C}.Debug|x64.ActiveCfg = Debug|x64
		{AC1AD8D1-5808-4E54-AB96-EA778E2F218C}.Debug|x64.Build.0 = Debug|x64
		{AC1AD8D1-5808-4E54-AB96-EA778E2F218C}.Debug|x86.ActiveCfg = Debug|x86
		{AC1AD8D1-5808-4E54-AB96-EA778E2F218C}.Debug|x86.Build.0 = Debug|x86
		{AC1AD8D1-5808-4E54-AB96-EA778E2F218C}.Release|x64.ActiveCfg = Release|x64
		{AC1AD8D1-5808-4E54-AB96-EA778E2F218C}.Release|x64.Build.0 = Release|x64
		{AC1AD8D1-5808-4E54-AB96-EA778E2F218C}.Release|x86.ActiveCfg = Release|x86
		{AC1AD8D1-5808-4E54-AB96-EA778E2F218C}.Release|x86.Build.0 = Release|x86
		{9AC6AA44-BA7F-410B-BF63-CFD0D3BBC0CE}.Debug|x64.ActiveCfg = Debug|x64
		{9AC6AA44-BA7F-410B-BF63-CFD0D3BBC0CE}.Debug|x64.Build.0 = Debug|x64
		{9AC6AA44-BA7F-410B-BF63-CFD0D3BBC0CE}.Debug|x86.ActiveCfg = Debug|x86
		{9AC6AA44-BA7F-410B-BF63-CFD0D3BBC0CE}.Debug|x86.Build.0 = Debug|x86
		{9AC6AA44-BA7F-410B-BF63-CFD0D3BBC0CE}.Release|x64.ActiveCfg = Release|x64
		{9AC6AA44-BA7F-410B-BF63-CFD0D3BBC0CE}.Release|x64.Build.0 = Release|x64
		{9AC6AA44-BA7F-410B-BF63-CFD0D3BBC0CE}.Release|x86.ActiveCfg = Release|x86
		{9AC6AA44-BA7F-410B-BF63-CFD0D3BBC0CE}.Release|x86.Build.0 = Release|x86
		{D1894D64-4B1B-46EA-83F0-7F37B97A9A0E}.Debug|x64.ActiveCfg = Debug|x64
		{D1894D64-4B1B-46EA-83F0-7F37B97A9A0E}.Debug|x64.Build.0 = Debug|x64
		{D1894D64-4B1B-46EA-83F0-7F37B97A9A0E}.Debug|x86.ActiveCfg = Debug|x86
		{D1894D64-4B1B-46EA-83F0-7F37B97A9A0E}.Debug|x86.Build.0 = Debug|x86
		{D1894D64-4B1B-46EA-83F0-7F37B97A9A0E}.Release|x64.ActiveCfg = Release|x64
		{D1894D64-4B1B-46EA-83F0-7F37B97A9A0E}.Release|x64.Build.0 = Release|x64
		{D1894D64-4B1B-46EA-83F0-7F37B97A9A0E}.Release|x86.ActiveCfg = Release|x86
		{D1894D64-4B1B-46EA-83F0-7F37B97A9A0E}.Release|x86.Build.0 = Release|x86
		{79251496-AB74-41EA-8DAC-F402F2AC9E82}.Debug|x64.ActiveCfg = Debug|x64
		{79251496-AB74-41EA-8DAC-F402F2AC9E82}.Debug|x64.Build.0 = Debug|x64
		{79251496-AB74-41EA-8DAC-F402F2AC9E82}.Debug|x86.ActiveCfg = Debug|x86
		{79251496-AB74-41EA-8DAC-F402F2AC9E82}.Debug|x86.Build.0 = Debug|x86
		{79251496-AB74-41EA-8DAC-F402F2AC9E82}.Release|x64.ActiveCfg = Release|x64
		{79251496-AB74-41EA-8DAC-F402F2AC9E82}.Release|x64.Build.0 = Release|x64
		{79251496-AB74-41EA-8DAC-F402F2AC9E82}.Release|x86.ActiveCfg = Release|x86
		{79251496-AB74-41EA-8DAC-F402F2AC9E82}.Release|x86.Build.0 = Release|x86
		{D96F5FF5-DDCE-42A4-BCA6-C1451292F003}.Debug|x64.ActiveCfg = Debug|x64
		{D96F5FF5-DDCE-42A4-BCA6-C1451292F003}.Debug|x64.Build.0 = Debug|x64
		{D96F5FF5-DDCE-42A4-BCA6-C1451292F003}.Debug|x86.ActiveCfg = Debug|x86
		{D96F5FF5-DDCE-42A4-BCA6-C1451292F003}.Debug|x86.Build.0 = Debug|x86
		{D96F5FF5-DDCE-42A4-BCA6-C1451292F003}.Release|x64.ActiveCfg = Release|x64
		{D96F5FF5-DDCE-42A4-BCA6-C1451292F003}.Release|x64.Build.0 = Release|x64
		{D96F5FF5-DDCE-42A4-BCA6-C1451292F003}.Release|x86.ActiveCfg = Release|x86
		{D96F5FF5-DDCE-42A4-BCA6-C1451292F003}.Release|x86.Build.0 = Release|x86
		{FC149D49-34A3-4AF7-9EB8-59FDFEBCEC81}.Debug|x64.ActiveCfg = Debug|x64
		{FC149D49-34A3-4AF7-9EB8-59FDFEBCEC81}.Debug|x64.Build.0 = Debug|x64
		{FC149D49-34A3-4AF7-9EB8-59FDFEBCEC81}.Debug|x86.ActiveCfg = Debug|x86
		{FC149D49-34A3-4AF7-9EB8-59FDFEBCEC81}.Debug|x86.Build.0 = Debug|x86
		{FC149D49-34A3-4AF7-9EB8-59FDFEBCEC81}.Release|x64.ActiveCfg = Release|x64
		{FC149D49-34A3-4AF7-9EB8-59FDFEBCEC81}.Release|x64.Build.0 = Release|x64
		{FC149D49-34A3-4AF7-9EB8-59FDFEBCEC81}.Release|x86.ActiveCfg = Release|x86
		{FC149D49-34A3-4AF7-9EB8-59FDFEBCEC81}.Release|x86.Build.0 = Release|x86
		{53A2FC66-4CB5-4813-8EC2-14C8F34A0C7A}.Debug|x64.ActiveCfg = Debug|x64
		{53A2FC66-4CB5-4813-8EC2-14C8F34A0C7A}.Debug|x64.Build.0 = Debug|x64
		{53A2FC66-4CB5-4813-8EC2-14C8F34A0C7A}.Debug|x86.ActiveCfg = Debug|x86
		{53A2FC66-4CB5-4813-8EC2-14C8F34A0C7A}.Debug|x86.Build.0 = Debug|x86
		{53A2FC66-4CB5-4813-8EC2-14C8F34A0C7A}.Release|x64.ActiveCfg = Release|x64
		{53A2FC66-4CB5-4813-8EC2-14C8F34A0C7A}.Release|x64.Build.0 = Release|x64
		{53A2FC66-4CB5-4813-8EC2-14C8F34A0C7A}.Release|x86.ActiveCfg = Release|x86
		{53A2FC66-4CB5-4813-8EC2-14C8F34A0C7A}.Release|x86.Build.0 = Release|x86
		{2331F558-B253-444F-9EA8-041AE077541E}.Debug|x64.ActiveCfg = Debug|x64
		{2331F558-B253-444F-9EA8-041AE077541E}.Debug|x64.Build.0 = Debug|x64
		{2331F558-B253-444F-9EA8-041AE077541E}.Debug|x86.ActiveCfg = Debug|x86
		{2331F558-B253-444F-9EA8-041AE077541E}.Debug|x86.Build.0 = Debug|x86
		{2331F558-B253-444F-9EA8-041AE077541E}.Release|x64.ActiveCfg = Release|x64
		{2331F558-B253-444F-9EA8-041AE077541E}.Release|x64.Build.0 = Release|x64
		{2331F558-B253-444F-9EA8-041AE077541E}.Release|x86.ActiveCfg = Release|x86
		{2331F558-B253-444F-9EA8-041AE077541E}.Release|x86.Build.0 = Release|x86
		{9B17D853-2B15-4B77-B85E-ABC128BDD56F}.Debug|x64.ActiveCfg = Debug|x64
		{9B17D853-2B15-4B77-B85E-ABC128BDD56F}.Debug|x64.Build.0 = Debug|x64
		{9B17D853-2B15-4B77-B85E-ABC128BDD56F}.Debug|x86.ActiveCfg = Debug|x86
		{9B17D853-2B15-4B77-B85E-ABC128BDD56F}.Debug|x86.Build.0 = Debug|x86
		{9B17D853-2B15-4B77-B85E-ABC128BDD56F}.Release|x64.ActiveCfg = Release|x64
		{9B17D853-2B15-4B77-B85E-ABC128BDD56F}.Release|x64.Build.0 = Release|x64
		{9B17D853-2B15-4B77-B85E-ABC128BDD56F}.Release|x86.ActiveCfg = Release|x86
		{9B17D853-2B15-4B77-B85E-ABC128BDD56F}.Release|x86.Build.0 = Release|x86
		{B310D412-A0BD-4D93-8F54-6BCC35C66744}.Debug|x64.ActiveCfg = Debug|x64
		{B310D412-A0BD-4D93-8F54-6BCC35C66744}.Debug|x64.Build.0 = Debug|x64
		{B310D412-A0BD-4D93-8F54-6BCC35C66744}.Debug|x86.ActiveCfg = Debug|x86
		{B310D412-A0BD-4D93-8F54-6BCC35C66744}.Debug|x86.Build.0 = Debug|x86
		{B310D412-A0BD-4D93-8F54-6BCC35C66744}.Release|x64.ActiveCfg = Release|x64
		{B310D412-A0BD-4D93-8F54-6BCC35C66744}.Release|x64.Build.0 = Release|x64
		{B310D412-A0BD-4D93-8F54-6BCC35C66744}.Release|x86.ActiveCfg = Release|x86
		{B310D412-A0BD-4D93-8F54-6BCC35C66744}.Release|x86.Build.0 = Release|x86
		{085D0BF6-B9D1-4DF8-93CE-3364D52E1F69}.Debug|x64.ActiveCfg = Release|x64
		{085D0BF6-B9D1-4DF8-93CE-3364D52E1F69}.Debug|x64.Build.0 = Release|x64
		{085D0BF6-B9D1-4DF8-93CE-3364D52E1F69}.Debug|x86.ActiveCfg = Release|Win32
		{085D0BF6-B9D1-4DF8-93CE-3364D52E1F69}.Debug|x86.Build.0 = Release|Win32
		{085D0BF6-B9D1-4DF8-93CE-3364D52E1F69}.Release|x64.ActiveCfg = Release|x64
		{085D0BF6-B9D1-4DF8-93CE-3364D52E1F69}.Release|x64.Build.0 = Release|x64
		{085D0BF6-B9D1-4DF8-93CE-3364D52E1F69}.Release|x86.ActiveCfg = Release|Win32
		{085D0BF6-B9D1-4DF8-93CE-3364D52E1F69}.Release|x86.Build.0 = Release|Win32
		{5AB4D410-4754-4B16-B58F-917A7208951F}.Debug|x64.ActiveCfg = Debug|x64
		{5AB4D410-4754-4B16-B58F-917A7208951F}.Debug|x64.Build.0 = Debug|x64
		{5AB4D410-4754-4B16-B58F-917A7208951F}.Debug|x86.ActiveCfg = Debug|x86
		{5AB4D410-4754-4B16-B58F-917A7208951F}.Debug|x86.Build.0 = Debug|x86
		{5AB4D410-4754-4B16-B58F-917A7208951F}.Release|x64.ActiveCfg = Release|x64
		{5AB4D410-4754-4B16-B58F-917A7208951F}.Release|x64.Build.0 = Release|x64
		{5AB4D410-4754-4B16-B58F-917A7208951F}.Release|x86.ActiveCfg = Release|x86
		{5AB4D410-4754-4B16-B58F-917A7208951F}.Release|x86.Build.0 = Release|x86
		{9A08E6C9-B8BE-4091-AABA-7FE961EEF222}.Debug|x64.ActiveCfg = Debug|x64
		{9A08E6C9-B8BE-4091-AABA-7FE961EEF222}.Debug|x64.Build.0 = Debug|x64
		{9A08E6C9-B8BE-4091-AABA-7FE961EEF222}.Debug|x86.ActiveCfg = Debug|x86
		{9A08E6C9-B8BE-4091-AABA-7FE961EEF222}.Debug|x86.Build.0 = Debug|x86
		{9A08E6C9-B8BE-4091-AABA-7FE961EEF222}.Release|x64.ActiveCfg = Release|x64
		{9A08E6C9-B8BE-4091-AABA-7FE961EEF222}.Release|x64.Build.0 = Release|x64
		{9A08E6C9-B8BE-4091-AABA-7FE961EEF222}.Release|x86.ActiveCfg = Release|x86
		{9A08E6C9-B8BE-4091-AABA-7FE961EEF222}.Release|x86.Build.0 = Release|x86
		{6B604D8D-5706-4F62-BEB9-ABA6736EBDB8}.Debug|x64.ActiveCfg = Debug|x64
		{6B604D8D-5706-4F62-BEB9-ABA6736EBDB8}.Debug|x64.Build.0 = Debug|x64
		{6B604D8D-5706-4F62-BEB9-ABA6736EBDB8}.Debug|x86.ActiveCfg = Debug|x86
		{6B604D8D-5706-4F62-BEB9-ABA6736EBDB8}.Debug|x86.Build.0 = Debug|x86
		{6B604D8D-5706-4F62-BEB9-ABA6736EBDB8}.Release|x64.ActiveCfg = Release|x64
		{6B604D8D-5706-4F62-BEB9-ABA6736EBDB8}.Release|x64.Build.0 = Release|x64
		{6B604D8D-5706-4F62-BEB9-ABA6736EBDB8}.Release|x86.ActiveCfg = Release|x86
		{6B604D8D-5706-4F62-BEB9-ABA6736EBDB8}.Release|x86.Build.0 = Release|x86
		{5710F502-27C8-4413-B0FC-6A41F2E8B0FF}.Debug|x64.ActiveCfg = Debug|x64
		{5710F502-27C8-4413-B0FC-6A41F2E8B0FF}.Debug|x64.Build.0 = Debug|x64
		{5710F502-27C8-4413-B0FC-6A41F2E8B0FF}.Debug|x86.ActiveCfg = Debug|x86
		{5710F502-27C8-4413-B0FC-6A41F2E8B0FF}.Debug|x86.Build.0 = Debug|x86
		{5710F502-27C8-4413-B0FC-6A41F2E8B0FF}.Release|x64.ActiveCfg = Release|x64
		{5710F502-27C8-4413-B0FC-6A41F2E8B0FF}.Release|x64.Build.0 = Release|x64
		{5710F502-27C8-4413-B0FC-6A41F2E8B0FF}.Release|x86.ActiveCfg = Release|x86
		{5710F502-27C8-4413-B0FC-6A41F2E8B0FF}.Release|x86.Build.0 = Release|x86
		{C32F377E-964A-46DF-B0D2-5603AB25B454}.Debug|x64.ActiveCfg = Debug|x64
		{C32F377E-964A-46DF-B0D2-5603AB25B454}.Debug|x64.Build.0 = Debug|x64
		{C32F377E-964A-46DF-B0D2-5603AB25B454}.Debug|x86.ActiveCfg = Debug|x86
		{C32F377E-964A-46DF-B0D2-5603AB25B454}.Debug|x86.Build.0 = Debug|x86
		{C32F377E-964A-46DF-B0D2-5603AB25B454}.Release|x64.ActiveCfg = Release|x64
		{C32F377E-964A-46DF-B0D2-5603AB25B454}.Release|x64.Build.0 = Release|x64
		{C32F377E-964A-46DF-B0D2-5603AB25B454}.Release|x86.ActiveCfg = Release|x86
		{C32F377E-964A-46DF-B0D2-5603AB25B454}.Release|x86.Build.0 = Release|x86
		{0CBBF950-DAE9-4AF5-B62F-1ECB29C75D87}.Debug|x64.ActiveCfg = Debug|x64
		{0CBBF950-DAE9-4AF5-B62F-1ECB29C75D87}.Debug|x64.Build.0 = Debug|x64
		{0CBBF950-DAE9-4AF5-B62F-1ECB29C75D87}.Debug|x86.ActiveCfg = Debug|x86
		{0CBBF950-DAE9-4AF5-B62F-1ECB29C75D87}.Debug|x86.Build.0 = Debug|x86
		{0CBBF950-DAE9-4AF5-B62F-1ECB29C75D87}.Release|x64.ActiveCfg = Release|x64
		{0CBBF950-DAE9-4AF5-B62F-1ECB29C75D87}.Release|x64.Build.0 = Release|x64
		{0CBBF950-DAE9-4AF5-B62F-1ECB29C75D87}.Release|x86.ActiveCfg = Release|x86
		{0CBBF950-DAE9-4AF5-B62F-1ECB29C75D87}.Release|x86.Build.0 = Release|x86
		{CFBB8D2B-FCE3-43A0-A7DC-E6FA1786850F}.Debug|x64.ActiveCfg = Debug|x64
		{CFBB8D2B-FCE3-43A0-A7DC-E6FA1786850F}.Debug|x64.Build.0 = Debug|x64
		{CFBB8D2B-FCE3-43A0-A7DC-E6FA1786850F}.Debug|x86.ActiveCfg = Debug|x86
		{CFBB8D2B-FCE3-43A0-A7DC-E6FA1786850F}.Debug|x86.Build.0 = Debug|x86
		{CFBB8D2B-FCE3-43A0-A7DC-E6FA1786850F}.Release|x64.ActiveCfg = Release|x64
		{CFBB8D2B-FCE3-43A0-A7DC-E6FA1786850F}.Release|x64.Build.0 = Release|x64
		{CFBB8D2B-FCE3-43A0-A7DC-E6FA1786850F}.Release|x86.ActiveCfg = Release|x86
		{CFBB8D2B-FCE3-43A0-A7DC-E6FA1786850F}.Release|x86.Build.0 = Release|x86
		{D12DBBC4-9B7F-4266-B613-ADA2EE17F1FE}.Debug|x64.ActiveCfg = Debug|x64
		{D12DBBC4-9B7F-4266-B613-ADA2EE17F1FE}.Debug|x64.Build.0 = Debug|x64
		{D12DBBC4-9B7F-4266-B613-ADA2EE17F1FE}.Debug|x86.ActiveCfg = Debug|x86
		{D12DBBC4-9B7F-4266-B613-ADA2EE17F1FE}.Debug|x86.Build.0 = Debug|x86
		{D12DBBC4-9B7F-4266-B613-ADA2EE17F1FE}.Release|x64.ActiveCfg = Release|x64
		{D12DBBC4-9B7F-4266-B613-ADA2EE17F1FE}.Release|x64.Build.0 = Release|x64
		{D12DBBC4-9B7F-4266-B613-ADA2EE17F1FE}.Release|x86.ActiveCfg = Release|x86
		{D12DBBC4-9B7F-4266-B613-ADA2EE17F1FE}.Release|x86.Build.0 = Release|x86
		{5F4775F6-B042-4068-B4E6-5B49A247C256}.Debug|x64.ActiveCfg = Debug|x64
		{5F4775F6-B042-4068-B4E6-5B49A247C256}.Debug|x64.Build.0 = Debug|x64
		{5F4775F6-B042-4068-B4E6-5B49A247C256}.Debug|x86.ActiveCfg = Debug|x86
		{5F4775F6-B042-4068-B4E6-5B49A247C256}.Debug|x86.Build.0 = Debug|x86
		{5F4775F6-B042-4068-B4E6-5B49A247C256}.Release|x64.ActiveCfg = Release|x64
		{5F4775F6-B042-4068-B4E6-5B49A247C256}.Release|x64.Build.0 = Release|x64
		{5F4775F6-B042-4068-B4E6-5B49A247C256}.Release|x86.ActiveCfg = Release|x86
		{5F4775F6-B042-4068-B4E6-5B49A247C256}.Release|x86.Build.0 = Release|x86
	EndGlobalSection
	GlobalSection(SolutionProperties) = preSolution
		HideSolutionNode = FALSE
	EndGlobalSection
	GlobalSection(ExtensibilityGlobals) = postSolution
		SolutionGuid = {9293982D-B2F3-4C86-A307-057EE1CFA115}
	EndGlobalSection
	GlobalSection(Performance) = preSolution
		HasPerformanceSessions = true
	EndGlobalSection
	GlobalSection(Performance) = preSolution
		HasPerformanceSessions = true
	EndGlobalSection
	GlobalSection(Performance) = preSolution
		HasPerformanceSessions = true
	EndGlobalSection
EndGlobal
