
Microsoft Visual Studio Solution File, Format Version 12.00
# Visual Studio Version 17
VisualStudioVersion = 17.3.32929.385
MinimumVisualStudioVersion = 10.0.40219.1
Project("{9A19103F-16F7-4668-BE54-9A1E7A4F7556}") = "FoxTunes.Core", "FoxTunes.Core\FoxTunes.Core.csproj", "{62CD8F70-8415-4C15-B672-CB18475ABD7E}"
EndProject
Project("{9A19103F-16F7-4668-BE54-9A1E7A4F7556}") = "FoxTunes.Core.Tests", "FoxTunes.Core.Tests\FoxTunes.Core.Tests.csproj", "{C5C3BD3A-E2B7-4258-B705-704C502AF38B}"
EndProject
Project("{9A19103F-16F7-4668-BE54-9A1E7A4F7556}") = "FoxTunes.Launcher", "FoxTunes.Launcher\FoxTunes.Launcher.csproj", "{538D4230-E484-44AB-B690-D1033773C8B7}"
EndProject
Project("{9A19103F-16F7-4668-BE54-9A1E7A4F7556}") = "FoxTunes.UI.Windows", "FoxTunes.UI.Windows\FoxTunes.UI.Windows.csproj", "{610985F5-26AE-42B5-9733-61EBBAB36E0A}"
EndProject
Project("{9A19103F-16F7-4668-BE54-9A1E7A4F7556}") = "FoxTunes.DB", "FoxTunes.DB\FoxTunes.DB.csproj", "{64ED8F47-C8A1-4D23-943D-1C0F74D39D9D}"
EndProject
Project("{9A19103F-16F7-4668-BE54-9A1E7A4F7556}") = "FoxTunes.UI", "FoxTunes.UI\FoxTunes.UI.csproj", "{DBD01AF8-68F0-402C-8175-4583C0F44066}"
EndProject
Project("{9A19103F-16F7-4668-BE54-9A1E7A4F7556}") = "FoxTunes.Output", "FoxTunes.Output\FoxTunes.Output.csproj", "{C031B8F2-B799-4881-8140-DE1D11A23FD8}"
EndProject
Project("{9A19103F-16F7-4668-BE54-9A1E7A4F7556}") = "FoxTunes.Config", "FoxTunes.Config\FoxTunes.Config.csproj", "{9660A7C2-D1F7-4D17-8087-5B82AFEAA6D7}"
EndProject
Project("{9A19103F-16F7-4668-BE54-9A1E7A4F7556}") = "FoxTunes.MetaData", "FoxTunes.MetaData\FoxTunes.MetaData.csproj", "{395751A0-49B7-49DC-88A8-02B14A322E99}"
EndProject
Project("{9A19103F-16F7-4668-BE54-9A1E7A4F7556}") = "FoxTunes.MetaData.TagLib", "FoxTunes.MetaData.TagLib\FoxTunes.MetaData.TagLib.csproj", "{1BCB836B-688F-4183-8702-EFF08440CC8A}"
EndProject
Project("{9A19103F-16F7-4668-BE54-9A1E7A4F7556}") = "FoxTunes.Scripting", "FoxTunes.Scripting\FoxTunes.Scripting.csproj", "{50D995F1-CA54-42B6-BDA5-4047E720716D}"
EndProject
Project("{9A19103F-16F7-4668-BE54-9A1E7A4F7556}") = "FoxTunes.Scripting.JS", "FoxTunes.Scripting.JS\FoxTunes.Scripting.JS.csproj", "{0F6183DB-5001-4D9A-BBD3-157356B62684}"
EndProject
Project("{9A19103F-16F7-4668-BE54-9A1E7A4F7556}") = "FoxTunes.UI.Windows.Themes", "FoxTunes.UI.Windows.Themes\FoxTunes.UI.Windows.Themes.csproj", "{80FABB9C-9FA7-4232-92EB-481BE8AB8BFE}"
EndProject
Project("{9A19103F-16F7-4668-BE54-9A1E7A4F7556}") = "FoxTunes.Logging", "FoxTunes.Logging\FoxTunes.Logging.csproj", "{AB1362C8-0754-496D-85E1-3C258FF250BF}"
EndProject
Project("{9A19103F-16F7-4668-BE54-9A1E7A4F7556}") = "FoxTunes.Output.Bass", "FoxTunes.Output.Bass\FoxTunes.Output.Bass.csproj", "{676F7DD1-BF13-4317-819F-9B5D85DF18B5}"
EndProject
Project("{9A19103F-16F7-4668-BE54-9A1E7A4F7556}") = "FoxTunes.DB.SQLite", "FoxTunes.DB.SQLite\FoxTunes.DB.SQLite.csproj", "{1599399A-2873-46F5-96CD-56768AFC967E}"
EndProject
Project("{9A19103F-16F7-4668-BE54-9A1E7A4F7556}") = "FoxTunes.Output.Bass.Tests", "FoxTunes.Output.Bass.Tests\FoxTunes.Output.Bass.Tests.csproj", "{2C0511BC-FFAA-4697-B975-D0B4AA5C7433}"
EndProject
Project("{9A19103F-16F7-4668-BE54-9A1E7A4F7556}") = "FoxTunes.Output.Bass.Asio", "FoxTunes.Output.Bass.Asio\FoxTunes.Output.Bass.Asio.csproj", "{3E8A3809-3FBA-4024-9343-2A54DAE013CA}"
EndProject
Project("{9A19103F-16F7-4668-BE54-9A1E7A4F7556}") = "FoxTunes.Output.Bass.Resampler", "FoxTunes.Output.Bass.Resampler\FoxTunes.Output.Bass.Resampler.csproj", "{A638A91C-BD8E-4475-A5FB-E4FCFF7BA61D}"
EndProject
Project("{9A19103F-16F7-4668-BE54-9A1E7A4F7556}") = "FoxTunes.Output.Bass.Gapless", "FoxTunes.Output.Bass.Gapless\FoxTunes.Output.Bass.Gapless.csproj", "{526DF089-AA89-45C8-8C8A-A5E6780075DC}"
EndProject
Project("{9A19103F-16F7-4668-BE54-9A1E7A4F7556}") = "FoxTunes.Output.Bass.DirectSound", "FoxTunes.Output.Bass.DirectSound\FoxTunes.Output.Bass.DirectSound.csproj", "{4EAF00DA-FE41-46ED-AFB5-3A543BCF0BF9}"
EndProject
Project("{9A19103F-16F7-4668-BE54-9A1E7A4F7556}") = "FoxTunes.Output.Bass.Dsd", "FoxTunes.Output.Bass.Dsd\FoxTunes.Output.Bass.Dsd.csproj", "{2E2722F2-8C19-4022-8E5E-36B9A9983CB3}"
EndProject
Project("{9A19103F-16F7-4668-BE54-9A1E7A4F7556}") = "FoxTunes.Output.Bass.Wasapi", "FoxTunes.Output.Bass.Wasapi\FoxTunes.Output.Bass.Wasapi.csproj", "{E334BA97-5450-4960-84DA-B7C5E09589E4}"
EndProject
Project("{9A19103F-16F7-4668-BE54-9A1E7A4F7556}") = "FoxTunes.Output.Bass.Cd", "FoxTunes.Output.Bass.Cd\FoxTunes.Output.Bass.Cd.csproj", "{23D4420F-18BA-4A72-BC63-8ACB7FA2B09A}"
EndProject
Project("{9A19103F-16F7-4668-BE54-9A1E7A4F7556}") = "FoxTunes.Output.Bass.Dts", "FoxTunes.Output.Bass.Dts\FoxTunes.Output.Bass.Dts.csproj", "{07FEA0ED-8468-41EB-9570-82697ED43915}"
EndProject
Project("{9A19103F-16F7-4668-BE54-9A1E7A4F7556}") = "FoxTunes.Core.Windows", "FoxTunes.Core.Windows\FoxTunes.Core.Windows.csproj", "{43EAACF1-6538-4D96-A209-E5A0BEA1F60E}"
EndProject
Project("{9A19103F-16F7-4668-BE54-9A1E7A4F7556}") = "FoxTunes.UI.Windows.LibraryBrowser", "FoxTunes.UI.Windows.LibraryBrowser\FoxTunes.UI.Windows.LibraryBrowser.csproj", "{1D1061F1-CD0E-4C2D-B2A5-880C741C3B56}"
EndProject
Project("{9A19103F-16F7-4668-BE54-9A1E7A4F7556}") = "FoxTunes.UI.Windows.MetaDataEditor", "FoxTunes.UI.Windows.MetaDataEditor\FoxTunes.UI.Windows.MetaDataEditor.csproj", "{B02498D9-D348-44B4-96B7-AFB02B542DB1}"
EndProject
Project("{9A19103F-16F7-4668-BE54-9A1E7A4F7556}") = "FoxTunes.Core.Windows.UWP", "FoxTunes.Core.Windows.UWP\FoxTunes.Core.Windows.UWP.csproj", "{AC1AD8D1-5808-4E54-AB96-EA778E2F218C}"
EndProject
Project("{9A19103F-16F7-4668-BE54-9A1E7A4F7556}") = "FoxTunes.Encoder.Bass", "FoxTunes.Encoder.Bass\FoxTunes.Encoder.Bass.csproj", "{9AC6AA44-BA7F-410B-BF63-CFD0D3BBC0CE}"
EndProject
Project("{9A19103F-16F7-4668-BE54-9A1E7A4F7556}") = "FoxTunes.Encoder.Bass.Tests", "FoxTunes.Encoder.Bass.Tests\FoxTunes.Encoder.Bass.Tests.csproj", "{D1894D64-4B1B-46EA-83F0-7F37B97A9A0E}"
EndProject
Project("{9A19103F-16F7-4668-BE54-9A1E7A4F7556}") = "FoxTunes.Output.Bass.ParametricEqualizer", "FoxTunes.Output.Bass.ParametricEqualizer\FoxTunes.Output.Bass.ParametricEqualizer.csproj", "{79251496-AB74-41EA-8DAC-F402F2AC9E82}"
EndProject
Project("{9A19103F-16F7-4668-BE54-9A1E7A4F7556}") = "FoxTunes.Tools", "FoxTunes.Tools\FoxTunes.Tools.csproj", "{D96F5FF5-DDCE-42A4-BCA6-C1451292F003}"
EndProject
Project("{9A19103F-16F7-4668-BE54-9A1E7A4F7556}") = "FoxTunes.DB.Tests", "FoxTunes.DB.Tests\FoxTunes.DB.Tests.csproj", "{FC149D49-34A3-4AF7-9EB8-59FDFEBCEC81}"
EndProject
Project("{9A19103F-16F7-4668-BE54-9A1E7A4F7556}") = "FoxTunes.MetaData.TagLib.Tests", "FoxTunes.MetaData.TagLib.Tests\FoxTunes.MetaData.TagLib.Tests.csproj", "{53A2FC66-4CB5-4813-8EC2-14C8F34A0C7A}"
EndProject
Project("{9A19103F-16F7-4668-BE54-9A1E7A4F7556}") = "FoxTunes.Output.Bass.ReplayGain", "FoxTunes.Output.Bass.ReplayGain\FoxTunes.Output.Bass.ReplayGain.csproj", "{2331F558-B253-444F-9EA8-041AE077541E}"
EndProject
Project("{9A19103F-16F7-4668-BE54-9A1E7A4F7556}") = "FoxTunes.Output.Bass.ReplayGain.Tests", "FoxTunes.Output.Bass.ReplayGain.Tests\FoxTunes.Output.Bass.ReplayGain.Tests.csproj", "{9B17D853-2B15-4B77-B85E-ABC128BDD56F}"
EndProject
Project("{9A19103F-16F7-4668-BE54-9A1E7A4F7556}") = "FoxTunes.Output.Bass.Cue", "FoxTunes.Output.Bass.Cue\FoxTunes.Output.Bass.Cue.csproj", "{B310D412-A0BD-4D93-8F54-6BCC35C66744}"
EndProject
Project("{9A19103F-16F7-4668-BE54-9A1E7A4F7556}") = "FoxTunes.Output.Bass.Mod", "FoxTunes.Output.Bass.Mod\FoxTunes.Output.Bass.Mod.csproj", "{5AB4D410-4754-4B16-B58F-917A7208951F}"
EndProject
Project("{9A19103F-16F7-4668-BE54-9A1E7A4F7556}") = "FoxTunes.Output.Bass.Crossfade", "FoxTunes.Output.Bass.Crossfade\FoxTunes.Output.Bass.Crossfade.csproj", "{9A08E6C9-B8BE-4091-AABA-7FE961EEF222}"
EndProject
Project("{9A19103F-16F7-4668-BE54-9A1E7A4F7556}") = "FoxTunes.UI.Windows.Layout", "FoxTunes.UI.Windows.Layout\FoxTunes.UI.Windows.Layout.csproj", "{6B604D8D-5706-4F62-BEB9-ABA6736EBDB8}"
EndProject
Project("{9A19103F-16F7-4668-BE54-9A1E7A4F7556}") = "FoxTunes.UI.Windows.WaveBar", "FoxTunes.UI.Windows.WaveBar\FoxTunes.UI.Windows.WaveBar.csproj", "{5710F502-27C8-4413-B0FC-6A41F2E8B0FF}"
EndProject
Project("{9A19103F-16F7-4668-BE54-9A1E7A4F7556}") = "FoxTunes.UI.Windows.Visualizations", "FoxTunes.UI.Windows.Visualizations\FoxTunes.UI.Windows.Visualizations.csproj", "{C32F377E-964A-46DF-B0D2-5603AB25B454}"
EndProject
Project("{9A19103F-16F7-4668-BE54-9A1E7A4F7556}") = "FoxTunes.UI.Windows.Ratings", "FoxTunes.UI.Windows.Ratings\FoxTunes.UI.Windows.Ratings.csproj", "{0CBBF950-DAE9-4AF5-B62F-1ECB29C75D87}"
EndProject
Project("{9A19103F-16F7-4668-BE54-9A1E7A4F7556}") = "FoxTunes.Statistics", "FoxTunes.Statistics\FoxTunes.Statistics.csproj", "{CFBB8D2B-FCE3-43A0-A7DC-E6FA1786850F}"
EndProject
Project("{9A19103F-16F7-4668-BE54-9A1E7A4F7556}") = "FoxTunes.UI.Windows.Lyrics", "FoxTunes.UI.Windows.Lyrics\FoxTunes.UI.Windows.Lyrics.csproj", "{D12DBBC4-9B7F-4266-B613-ADA2EE17F1FE}"
EndProject
Project("{9A19103F-16F7-4668-BE54-9A1E7A4F7556}") = "FoxTunes.UI.Windows.Snapping", "FoxTunes.UI.Windows.Snapping\FoxTunes.UI.Windows.Snapping.csproj", "{5F4775F6-B042-4068-B4E6-5B49A247C256}"
EndProject
Project("{9A19103F-16F7-4668-BE54-9A1E7A4F7556}") = "FoxTunes.Output.Bass.Tempo", "FoxTunes.Output.Bass.Tempo\FoxTunes.Output.Bass.Tempo.csproj", "{52B51207-89D3-47C6-80EA-637E71D8FFF0}"
EndProject
Project("{9A19103F-16F7-4668-BE54-9A1E7A4F7556}") = "FoxTunes.Output.Bass.Archive", "FoxTunes.Output.Bass.Archive\FoxTunes.Output.Bass.Archive.csproj", "{72E8C729-6E04-4005-AAF6-97A2DCA05C49}"
EndProject
Project("{9A19103F-16F7-4668-BE54-9A1E7A4F7556}") = "FoxTunes.Release", "FoxTunes.Release\FoxTunes.Release.csproj", "{BA29D2C8-1787-4AAC-B50F-1D4CD4074B6F}"
EndProject
Project("{9A19103F-16F7-4668-BE54-9A1E7A4F7556}") = "FoxTunes.MetaData.Discogs", "FoxTunes.MetaData.Discogs\FoxTunes.MetaData.Discogs.csproj", "{1B3AD4FC-EEBB-430C-9A63-A3ED79AA5543}"
EndProject
Project("{9A19103F-16F7-4668-BE54-9A1E7A4F7556}") = "FoxTunes.MetaData.Discogs.Tests", "FoxTunes.MetaData.Discogs.Tests\FoxTunes.MetaData.Discogs.Tests.csproj", "{C74CCEF7-C3EA-4954-B480-1836BFFDD0B6}"
EndProject
Project("{2150E333-8FDC-42A3-9474-1A3956D46DE8}") = "Core", "Core", "{5EAC9025-32D5-484E-B01F-E03EC5127260}"
EndProject
Project("{2150E333-8FDC-42A3-9474-1A3956D46DE8}") = "Tests", "Tests", "{E9BFA65B-36CD-40D3-8EAE-B5D544A1E7F5}"
EndProject
Project("{2150E333-8FDC-42A3-9474-1A3956D46DE8}") = "Bass", "Bass", "{B8B91C76-F6E7-47C7-A034-E0FC5B5466F2}"
EndProject
Project("{2150E333-8FDC-42A3-9474-1A3956D46DE8}") = "UI", "UI", "{05C1FA04-4070-44A7-9DFC-38B48FEFA3C2}"
EndProject
Project("{2150E333-8FDC-42A3-9474-1A3956D46DE8}") = "Extra", "Extra", "{DCF7EA80-6EC0-4DB2-9B75-B31DEE97F4A0}"
EndProject
Project("{2150E333-8FDC-42A3-9474-1A3956D46DE8}") = "DB", "DB", "{567C6332-819D-49FA-AE36-37E54DDE64D7}"
EndProject
Project("{2150E333-8FDC-42A3-9474-1A3956D46DE8}") = "MetaData", "MetaData", "{35CF0450-D838-4C99-9F03-0E0E9C4956A1}"
EndProject
Project("{2150E333-8FDC-42A3-9474-1A3956D46DE8}") = "Scripting", "Scripting", "{B084C572-A727-4879-A10F-0C2ECFB86E3C}"
EndProject
Project("{9A19103F-16F7-4668-BE54-9A1E7A4F7556}") = "FoxTunes.Minidisc.Bass", "FoxTunes.Minidisc\FoxTunes.Minidisc.Bass.csproj", "{6D8DCA45-0E00-4472-A535-DB5CB465DF1B}"
EndProject
Project("{9A19103F-16F7-4668-BE54-9A1E7A4F7556}") = "FoxTunes.UI.Windows.MiniPlayer", "FoxTunes.UI.Windows.MiniPlayer\FoxTunes.UI.Windows.MiniPlayer.csproj", "{22A35D2D-6C20-4B3D-BD12-F31118BD1245}"
EndProject
Project("{9A19103F-16F7-4668-BE54-9A1E7A4F7556}") = "FoxTunes.UI.Windows.Tests", "FoxTunes.UI.Windows.Tests\FoxTunes.UI.Windows.Tests.csproj", "{4C620023-A8FF-43CA-B044-D01FBF3D54B9}"
EndProject
Project("{9A19103F-16F7-4668-BE54-9A1E7A4F7556}") = "FoxTunes.Output.Bass.Memory", "FoxTunes.Output.Bass.Memory\FoxTunes.Output.Bass.Memory.csproj", "{BB8D87BB-9BE3-444B-88E9-2E54547EEF6A}"
EndProject
Project("{9A19103F-16F7-4668-BE54-9A1E7A4F7556}") = "FoxTunes.Scripting.JS.ClearScript", "FoxTunes.Scripting.JS.ClearScript\FoxTunes.Scripting.JS.ClearScript.csproj", "{5340FAA8-21D2-4C48-9AFA-C4D77370DF72}"
EndProject
Project("{9A19103F-16F7-4668-BE54-9A1E7A4F7556}") = "FoxTunes.UI.Windows.Layout.Tests", "FoxTunes.UI.Windows.Layout.Tests\FoxTunes.UI.Windows.Layout.Tests.csproj", "{1AD2F86E-BBC0-47DD-AABD-348FEA0FDA3E}"
EndProject
Project("{9A19103F-16F7-4668-BE54-9A1E7A4F7556}") = "FoxTunes.UI.Windows.MetaDataViewer", "FoxTunes.UI.Windows.MetaDataViewer\FoxTunes.UI.Windows.MetaDataViewer.csproj", "{7B371DBA-8ADB-41EB-BE80-B7D4FCB14944}"
EndProject
Project("{9A19103F-16F7-4668-BE54-9A1E7A4F7556}") = "FoxTunes.UI.Windows.GroupedPlaylist", "FoxTunes.UI.Windows.GroupedPlaylist\FoxTunes.UI.Windows.GroupedPlaylist.csproj", "{9D87B2DB-E7F7-4508-9A0F-8936CAF77A0C}"
EndProject
Project("{FAE04EC0-301F-11D3-BF4B-00C04F79EFBC}") = "FoxTunes.Scripting.JS.Noesis", "FoxTunes.Scripting.JS.Noesis\FoxTunes.Scripting.JS.Noesis.csproj", "{7DBE06A7-E0DA-43CB-89F8-CE349BB718BA}"
EndProject
Project("{FAE04EC0-301F-11D3-BF4B-00C04F79EFBC}") = "FoxTunes.UI.Windows.MoodBar", "FoxTunes.UI.Windows.MoodBar\FoxTunes.UI.Windows.MoodBar.csproj", "{D7CF8B90-2160-4AF8-A995-DB05FCCA6E5C}"
EndProject
Global
	GlobalSection(SolutionConfigurationPlatforms) = preSolution
		Debug|Any CPU = Debug|Any CPU
		Release|Any CPU = Release|Any CPU
	EndGlobalSection
	GlobalSection(ProjectConfigurationPlatforms) = postSolution
		{62CD8F70-8415-4C15-B672-CB18475ABD7E}.Debug|Any CPU.ActiveCfg = Debug|Any CPU
		{62CD8F70-8415-4C15-B672-CB18475ABD7E}.Debug|Any CPU.Build.0 = Debug|Any CPU
		{62CD8F70-8415-4C15-B672-CB18475ABD7E}.Release|Any CPU.ActiveCfg = Release|Any CPU
		{62CD8F70-8415-4C15-B672-CB18475ABD7E}.Release|Any CPU.Build.0 = Release|Any CPU
		{C5C3BD3A-E2B7-4258-B705-704C502AF38B}.Debug|Any CPU.ActiveCfg = Debug|Any CPU
		{C5C3BD3A-E2B7-4258-B705-704C502AF38B}.Debug|Any CPU.Build.0 = Debug|Any CPU
		{C5C3BD3A-E2B7-4258-B705-704C502AF38B}.Release|Any CPU.ActiveCfg = Release|Any CPU
		{C5C3BD3A-E2B7-4258-B705-704C502AF38B}.Release|Any CPU.Build.0 = Release|Any CPU
		{538D4230-E484-44AB-B690-D1033773C8B7}.Debug|Any CPU.ActiveCfg = Debug|Any CPU
		{538D4230-E484-44AB-B690-D1033773C8B7}.Debug|Any CPU.Build.0 = Debug|Any CPU
		{538D4230-E484-44AB-B690-D1033773C8B7}.Release|Any CPU.ActiveCfg = Release|Any CPU
		{538D4230-E484-44AB-B690-D1033773C8B7}.Release|Any CPU.Build.0 = Release|Any CPU
		{610985F5-26AE-42B5-9733-61EBBAB36E0A}.Debug|Any CPU.ActiveCfg = Debug|Any CPU
		{610985F5-26AE-42B5-9733-61EBBAB36E0A}.Debug|Any CPU.Build.0 = Debug|Any CPU
		{610985F5-26AE-42B5-9733-61EBBAB36E0A}.Release|Any CPU.ActiveCfg = Release|Any CPU
		{610985F5-26AE-42B5-9733-61EBBAB36E0A}.Release|Any CPU.Build.0 = Release|Any CPU
		{64ED8F47-C8A1-4D23-943D-1C0F74D39D9D}.Debug|Any CPU.ActiveCfg = Debug|Any CPU
		{64ED8F47-C8A1-4D23-943D-1C0F74D39D9D}.Debug|Any CPU.Build.0 = Debug|Any CPU
		{64ED8F47-C8A1-4D23-943D-1C0F74D39D9D}.Release|Any CPU.ActiveCfg = Release|Any CPU
		{64ED8F47-C8A1-4D23-943D-1C0F74D39D9D}.Release|Any CPU.Build.0 = Release|Any CPU
		{DBD01AF8-68F0-402C-8175-4583C0F44066}.Debug|Any CPU.ActiveCfg = Debug|Any CPU
		{DBD01AF8-68F0-402C-8175-4583C0F44066}.Debug|Any CPU.Build.0 = Debug|Any CPU
		{DBD01AF8-68F0-402C-8175-4583C0F44066}.Release|Any CPU.ActiveCfg = Release|Any CPU
		{DBD01AF8-68F0-402C-8175-4583C0F44066}.Release|Any CPU.Build.0 = Release|Any CPU
		{C031B8F2-B799-4881-8140-DE1D11A23FD8}.Debug|Any CPU.ActiveCfg = Debug|Any CPU
		{C031B8F2-B799-4881-8140-DE1D11A23FD8}.Debug|Any CPU.Build.0 = Debug|Any CPU
		{C031B8F2-B799-4881-8140-DE1D11A23FD8}.Release|Any CPU.ActiveCfg = Release|Any CPU
		{C031B8F2-B799-4881-8140-DE1D11A23FD8}.Release|Any CPU.Build.0 = Release|Any CPU
		{9660A7C2-D1F7-4D17-8087-5B82AFEAA6D7}.Debug|Any CPU.ActiveCfg = Debug|Any CPU
		{9660A7C2-D1F7-4D17-8087-5B82AFEAA6D7}.Debug|Any CPU.Build.0 = Debug|Any CPU
		{9660A7C2-D1F7-4D17-8087-5B82AFEAA6D7}.Release|Any CPU.ActiveCfg = Release|Any CPU
		{9660A7C2-D1F7-4D17-8087-5B82AFEAA6D7}.Release|Any CPU.Build.0 = Release|Any CPU
		{395751A0-49B7-49DC-88A8-02B14A322E99}.Debug|Any CPU.ActiveCfg = Debug|Any CPU
		{395751A0-49B7-49DC-88A8-02B14A322E99}.Debug|Any CPU.Build.0 = Debug|Any CPU
		{395751A0-49B7-49DC-88A8-02B14A322E99}.Release|Any CPU.ActiveCfg = Release|Any CPU
		{395751A0-49B7-49DC-88A8-02B14A322E99}.Release|Any CPU.Build.0 = Release|Any CPU
		{1BCB836B-688F-4183-8702-EFF08440CC8A}.Debug|Any CPU.ActiveCfg = Debug|Any CPU
		{1BCB836B-688F-4183-8702-EFF08440CC8A}.Debug|Any CPU.Build.0 = Debug|Any CPU
		{1BCB836B-688F-4183-8702-EFF08440CC8A}.Release|Any CPU.ActiveCfg = Release|Any CPU
		{1BCB836B-688F-4183-8702-EFF08440CC8A}.Release|Any CPU.Build.0 = Release|Any CPU
		{50D995F1-CA54-42B6-BDA5-4047E720716D}.Debug|Any CPU.ActiveCfg = Debug|Any CPU
		{50D995F1-CA54-42B6-BDA5-4047E720716D}.Debug|Any CPU.Build.0 = Debug|Any CPU
		{50D995F1-CA54-42B6-BDA5-4047E720716D}.Release|Any CPU.ActiveCfg = Release|Any CPU
		{50D995F1-CA54-42B6-BDA5-4047E720716D}.Release|Any CPU.Build.0 = Release|Any CPU
		{0F6183DB-5001-4D9A-BBD3-157356B62684}.Debug|Any CPU.ActiveCfg = Debug|Any CPU
		{0F6183DB-5001-4D9A-BBD3-157356B62684}.Debug|Any CPU.Build.0 = Debug|Any CPU
		{0F6183DB-5001-4D9A-BBD3-157356B62684}.Release|Any CPU.ActiveCfg = Release|Any CPU
		{0F6183DB-5001-4D9A-BBD3-157356B62684}.Release|Any CPU.Build.0 = Release|Any CPU
		{80FABB9C-9FA7-4232-92EB-481BE8AB8BFE}.Debug|Any CPU.ActiveCfg = Debug|Any CPU
		{80FABB9C-9FA7-4232-92EB-481BE8AB8BFE}.Debug|Any CPU.Build.0 = Debug|Any CPU
		{80FABB9C-9FA7-4232-92EB-481BE8AB8BFE}.Release|Any CPU.ActiveCfg = Release|Any CPU
		{80FABB9C-9FA7-4232-92EB-481BE8AB8BFE}.Release|Any CPU.Build.0 = Release|Any CPU
		{AB1362C8-0754-496D-85E1-3C258FF250BF}.Debug|Any CPU.ActiveCfg = Debug|Any CPU
		{AB1362C8-0754-496D-85E1-3C258FF250BF}.Debug|Any CPU.Build.0 = Debug|Any CPU
		{AB1362C8-0754-496D-85E1-3C258FF250BF}.Release|Any CPU.ActiveCfg = Release|Any CPU
		{AB1362C8-0754-496D-85E1-3C258FF250BF}.Release|Any CPU.Build.0 = Release|Any CPU
		{676F7DD1-BF13-4317-819F-9B5D85DF18B5}.Debug|Any CPU.ActiveCfg = Debug|Any CPU
		{676F7DD1-BF13-4317-819F-9B5D85DF18B5}.Debug|Any CPU.Build.0 = Debug|Any CPU
		{676F7DD1-BF13-4317-819F-9B5D85DF18B5}.Release|Any CPU.ActiveCfg = Release|Any CPU
		{676F7DD1-BF13-4317-819F-9B5D85DF18B5}.Release|Any CPU.Build.0 = Release|Any CPU
		{1599399A-2873-46F5-96CD-56768AFC967E}.Debug|Any CPU.ActiveCfg = Debug|Any CPU
		{1599399A-2873-46F5-96CD-56768AFC967E}.Debug|Any CPU.Build.0 = Debug|Any CPU
		{1599399A-2873-46F5-96CD-56768AFC967E}.Release|Any CPU.ActiveCfg = Release|Any CPU
		{1599399A-2873-46F5-96CD-56768AFC967E}.Release|Any CPU.Build.0 = Release|Any CPU
		{2C0511BC-FFAA-4697-B975-D0B4AA5C7433}.Debug|Any CPU.ActiveCfg = Debug|Any CPU
		{2C0511BC-FFAA-4697-B975-D0B4AA5C7433}.Debug|Any CPU.Build.0 = Debug|Any CPU
		{2C0511BC-FFAA-4697-B975-D0B4AA5C7433}.Release|Any CPU.ActiveCfg = Release|Any CPU
		{2C0511BC-FFAA-4697-B975-D0B4AA5C7433}.Release|Any CPU.Build.0 = Release|Any CPU
		{3E8A3809-3FBA-4024-9343-2A54DAE013CA}.Debug|Any CPU.ActiveCfg = Debug|Any CPU
		{3E8A3809-3FBA-4024-9343-2A54DAE013CA}.Debug|Any CPU.Build.0 = Debug|Any CPU
		{3E8A3809-3FBA-4024-9343-2A54DAE013CA}.Release|Any CPU.ActiveCfg = Release|Any CPU
		{3E8A3809-3FBA-4024-9343-2A54DAE013CA}.Release|Any CPU.Build.0 = Release|Any CPU
		{A638A91C-BD8E-4475-A5FB-E4FCFF7BA61D}.Debug|Any CPU.ActiveCfg = Debug|Any CPU
		{A638A91C-BD8E-4475-A5FB-E4FCFF7BA61D}.Debug|Any CPU.Build.0 = Debug|Any CPU
		{A638A91C-BD8E-4475-A5FB-E4FCFF7BA61D}.Release|Any CPU.ActiveCfg = Release|Any CPU
		{A638A91C-BD8E-4475-A5FB-E4FCFF7BA61D}.Release|Any CPU.Build.0 = Release|Any CPU
		{526DF089-AA89-45C8-8C8A-A5E6780075DC}.Debug|Any CPU.ActiveCfg = Debug|Any CPU
		{526DF089-AA89-45C8-8C8A-A5E6780075DC}.Debug|Any CPU.Build.0 = Debug|Any CPU
		{526DF089-AA89-45C8-8C8A-A5E6780075DC}.Release|Any CPU.ActiveCfg = Release|Any CPU
		{526DF089-AA89-45C8-8C8A-A5E6780075DC}.Release|Any CPU.Build.0 = Release|Any CPU
		{4EAF00DA-FE41-46ED-AFB5-3A543BCF0BF9}.Debug|Any CPU.ActiveCfg = Debug|Any CPU
		{4EAF00DA-FE41-46ED-AFB5-3A543BCF0BF9}.Debug|Any CPU.Build.0 = Debug|Any CPU
		{4EAF00DA-FE41-46ED-AFB5-3A543BCF0BF9}.Release|Any CPU.ActiveCfg = Release|Any CPU
		{4EAF00DA-FE41-46ED-AFB5-3A543BCF0BF9}.Release|Any CPU.Build.0 = Release|Any CPU
		{2E2722F2-8C19-4022-8E5E-36B9A9983CB3}.Debug|Any CPU.ActiveCfg = Debug|Any CPU
		{2E2722F2-8C19-4022-8E5E-36B9A9983CB3}.Debug|Any CPU.Build.0 = Debug|Any CPU
		{2E2722F2-8C19-4022-8E5E-36B9A9983CB3}.Release|Any CPU.ActiveCfg = Release|Any CPU
		{2E2722F2-8C19-4022-8E5E-36B9A9983CB3}.Release|Any CPU.Build.0 = Release|Any CPU
		{E334BA97-5450-4960-84DA-B7C5E09589E4}.Debug|Any CPU.ActiveCfg = Debug|Any CPU
		{E334BA97-5450-4960-84DA-B7C5E09589E4}.Debug|Any CPU.Build.0 = Debug|Any CPU
		{E334BA97-5450-4960-84DA-B7C5E09589E4}.Release|Any CPU.ActiveCfg = Release|Any CPU
		{E334BA97-5450-4960-84DA-B7C5E09589E4}.Release|Any CPU.Build.0 = Release|Any CPU
		{23D4420F-18BA-4A72-BC63-8ACB7FA2B09A}.Debug|Any CPU.ActiveCfg = Debug|Any CPU
		{23D4420F-18BA-4A72-BC63-8ACB7FA2B09A}.Debug|Any CPU.Build.0 = Debug|Any CPU
		{23D4420F-18BA-4A72-BC63-8ACB7FA2B09A}.Release|Any CPU.ActiveCfg = Release|Any CPU
		{23D4420F-18BA-4A72-BC63-8ACB7FA2B09A}.Release|Any CPU.Build.0 = Release|Any CPU
		{07FEA0ED-8468-41EB-9570-82697ED43915}.Debug|Any CPU.ActiveCfg = Debug|Any CPU
		{07FEA0ED-8468-41EB-9570-82697ED43915}.Debug|Any CPU.Build.0 = Debug|Any CPU
		{07FEA0ED-8468-41EB-9570-82697ED43915}.Release|Any CPU.ActiveCfg = Release|Any CPU
		{07FEA0ED-8468-41EB-9570-82697ED43915}.Release|Any CPU.Build.0 = Release|Any CPU
		{43EAACF1-6538-4D96-A209-E5A0BEA1F60E}.Debug|Any CPU.ActiveCfg = Debug|Any CPU
		{43EAACF1-6538-4D96-A209-E5A0BEA1F60E}.Debug|Any CPU.Build.0 = Debug|Any CPU
		{43EAACF1-6538-4D96-A209-E5A0BEA1F60E}.Release|Any CPU.ActiveCfg = Release|Any CPU
		{43EAACF1-6538-4D96-A209-E5A0BEA1F60E}.Release|Any CPU.Build.0 = Release|Any CPU
		{1D1061F1-CD0E-4C2D-B2A5-880C741C3B56}.Debug|Any CPU.ActiveCfg = Debug|Any CPU
		{1D1061F1-CD0E-4C2D-B2A5-880C741C3B56}.Debug|Any CPU.Build.0 = Debug|Any CPU
		{1D1061F1-CD0E-4C2D-B2A5-880C741C3B56}.Release|Any CPU.ActiveCfg = Release|Any CPU
		{1D1061F1-CD0E-4C2D-B2A5-880C741C3B56}.Release|Any CPU.Build.0 = Release|Any CPU
		{B02498D9-D348-44B4-96B7-AFB02B542DB1}.Debug|Any CPU.ActiveCfg = Debug|Any CPU
		{B02498D9-D348-44B4-96B7-AFB02B542DB1}.Debug|Any CPU.Build.0 = Debug|Any CPU
		{B02498D9-D348-44B4-96B7-AFB02B542DB1}.Release|Any CPU.ActiveCfg = Release|Any CPU
		{B02498D9-D348-44B4-96B7-AFB02B542DB1}.Release|Any CPU.Build.0 = Release|Any CPU
		{AC1AD8D1-5808-4E54-AB96-EA778E2F218C}.Debug|Any CPU.ActiveCfg = Debug|Any CPU
		{AC1AD8D1-5808-4E54-AB96-EA778E2F218C}.Debug|Any CPU.Build.0 = Debug|Any CPU
		{AC1AD8D1-5808-4E54-AB96-EA778E2F218C}.Release|Any CPU.ActiveCfg = Release|Any CPU
		{AC1AD8D1-5808-4E54-AB96-EA778E2F218C}.Release|Any CPU.Build.0 = Release|Any CPU
		{9AC6AA44-BA7F-410B-BF63-CFD0D3BBC0CE}.Debug|Any CPU.ActiveCfg = Debug|Any CPU
		{9AC6AA44-BA7F-410B-BF63-CFD0D3BBC0CE}.Debug|Any CPU.Build.0 = Debug|Any CPU
		{9AC6AA44-BA7F-410B-BF63-CFD0D3BBC0CE}.Release|Any CPU.ActiveCfg = Release|Any CPU
		{9AC6AA44-BA7F-410B-BF63-CFD0D3BBC0CE}.Release|Any CPU.Build.0 = Release|Any CPU
		{D1894D64-4B1B-46EA-83F0-7F37B97A9A0E}.Debug|Any CPU.ActiveCfg = Debug|Any CPU
		{D1894D64-4B1B-46EA-83F0-7F37B97A9A0E}.Debug|Any CPU.Build.0 = Debug|Any CPU
		{D1894D64-4B1B-46EA-83F0-7F37B97A9A0E}.Release|Any CPU.ActiveCfg = Release|Any CPU
		{D1894D64-4B1B-46EA-83F0-7F37B97A9A0E}.Release|Any CPU.Build.0 = Release|Any CPU
		{79251496-AB74-41EA-8DAC-F402F2AC9E82}.Debug|Any CPU.ActiveCfg = Debug|Any CPU
		{79251496-AB74-41EA-8DAC-F402F2AC9E82}.Debug|Any CPU.Build.0 = Debug|Any CPU
		{79251496-AB74-41EA-8DAC-F402F2AC9E82}.Release|Any CPU.ActiveCfg = Release|Any CPU
		{79251496-AB74-41EA-8DAC-F402F2AC9E82}.Release|Any CPU.Build.0 = Release|Any CPU
		{D96F5FF5-DDCE-42A4-BCA6-C1451292F003}.Debug|Any CPU.ActiveCfg = Debug|Any CPU
		{D96F5FF5-DDCE-42A4-BCA6-C1451292F003}.Debug|Any CPU.Build.0 = Debug|Any CPU
		{D96F5FF5-DDCE-42A4-BCA6-C1451292F003}.Release|Any CPU.ActiveCfg = Release|Any CPU
		{D96F5FF5-DDCE-42A4-BCA6-C1451292F003}.Release|Any CPU.Build.0 = Release|Any CPU
		{FC149D49-34A3-4AF7-9EB8-59FDFEBCEC81}.Debug|Any CPU.ActiveCfg = Debug|Any CPU
		{FC149D49-34A3-4AF7-9EB8-59FDFEBCEC81}.Debug|Any CPU.Build.0 = Debug|Any CPU
		{FC149D49-34A3-4AF7-9EB8-59FDFEBCEC81}.Release|Any CPU.ActiveCfg = Release|Any CPU
		{FC149D49-34A3-4AF7-9EB8-59FDFEBCEC81}.Release|Any CPU.Build.0 = Release|Any CPU
		{53A2FC66-4CB5-4813-8EC2-14C8F34A0C7A}.Debug|Any CPU.ActiveCfg = Debug|Any CPU
		{53A2FC66-4CB5-4813-8EC2-14C8F34A0C7A}.Debug|Any CPU.Build.0 = Debug|Any CPU
		{53A2FC66-4CB5-4813-8EC2-14C8F34A0C7A}.Release|Any CPU.ActiveCfg = Release|Any CPU
		{53A2FC66-4CB5-4813-8EC2-14C8F34A0C7A}.Release|Any CPU.Build.0 = Release|Any CPU
		{2331F558-B253-444F-9EA8-041AE077541E}.Debug|Any CPU.ActiveCfg = Debug|Any CPU
		{2331F558-B253-444F-9EA8-041AE077541E}.Debug|Any CPU.Build.0 = Debug|Any CPU
		{2331F558-B253-444F-9EA8-041AE077541E}.Release|Any CPU.ActiveCfg = Release|Any CPU
		{2331F558-B253-444F-9EA8-041AE077541E}.Release|Any CPU.Build.0 = Release|Any CPU
		{9B17D853-2B15-4B77-B85E-ABC128BDD56F}.Debug|Any CPU.ActiveCfg = Debug|Any CPU
		{9B17D853-2B15-4B77-B85E-ABC128BDD56F}.Debug|Any CPU.Build.0 = Debug|Any CPU
		{9B17D853-2B15-4B77-B85E-ABC128BDD56F}.Release|Any CPU.ActiveCfg = Release|Any CPU
		{9B17D853-2B15-4B77-B85E-ABC128BDD56F}.Release|Any CPU.Build.0 = Release|Any CPU
		{B310D412-A0BD-4D93-8F54-6BCC35C66744}.Debug|Any CPU.ActiveCfg = Debug|Any CPU
		{B310D412-A0BD-4D93-8F54-6BCC35C66744}.Debug|Any CPU.Build.0 = Debug|Any CPU
		{B310D412-A0BD-4D93-8F54-6BCC35C66744}.Release|Any CPU.ActiveCfg = Release|Any CPU
		{B310D412-A0BD-4D93-8F54-6BCC35C66744}.Release|Any CPU.Build.0 = Release|Any CPU
		{5AB4D410-4754-4B16-B58F-917A7208951F}.Debug|Any CPU.ActiveCfg = Debug|Any CPU
		{5AB4D410-4754-4B16-B58F-917A7208951F}.Debug|Any CPU.Build.0 = Debug|Any CPU
		{5AB4D410-4754-4B16-B58F-917A7208951F}.Release|Any CPU.ActiveCfg = Release|Any CPU
		{5AB4D410-4754-4B16-B58F-917A7208951F}.Release|Any CPU.Build.0 = Release|Any CPU
		{9A08E6C9-B8BE-4091-AABA-7FE961EEF222}.Debug|Any CPU.ActiveCfg = Debug|Any CPU
		{9A08E6C9-B8BE-4091-AABA-7FE961EEF222}.Debug|Any CPU.Build.0 = Debug|Any CPU
		{9A08E6C9-B8BE-4091-AABA-7FE961EEF222}.Release|Any CPU.ActiveCfg = Release|Any CPU
		{9A08E6C9-B8BE-4091-AABA-7FE961EEF222}.Release|Any CPU.Build.0 = Release|Any CPU
		{6B604D8D-5706-4F62-BEB9-ABA6736EBDB8}.Debug|Any CPU.ActiveCfg = Debug|Any CPU
		{6B604D8D-5706-4F62-BEB9-ABA6736EBDB8}.Debug|Any CPU.Build.0 = Debug|Any CPU
		{6B604D8D-5706-4F62-BEB9-ABA6736EBDB8}.Release|Any CPU.ActiveCfg = Release|Any CPU
		{6B604D8D-5706-4F62-BEB9-ABA6736EBDB8}.Release|Any CPU.Build.0 = Release|Any CPU
		{5710F502-27C8-4413-B0FC-6A41F2E8B0FF}.Debug|Any CPU.ActiveCfg = Debug|Any CPU
		{5710F502-27C8-4413-B0FC-6A41F2E8B0FF}.Debug|Any CPU.Build.0 = Debug|Any CPU
		{5710F502-27C8-4413-B0FC-6A41F2E8B0FF}.Release|Any CPU.ActiveCfg = Release|Any CPU
		{5710F502-27C8-4413-B0FC-6A41F2E8B0FF}.Release|Any CPU.Build.0 = Release|Any CPU
		{C32F377E-964A-46DF-B0D2-5603AB25B454}.Debug|Any CPU.ActiveCfg = Debug|Any CPU
		{C32F377E-964A-46DF-B0D2-5603AB25B454}.Debug|Any CPU.Build.0 = Debug|Any CPU
		{C32F377E-964A-46DF-B0D2-5603AB25B454}.Release|Any CPU.ActiveCfg = Release|Any CPU
		{C32F377E-964A-46DF-B0D2-5603AB25B454}.Release|Any CPU.Build.0 = Release|Any CPU
		{0CBBF950-DAE9-4AF5-B62F-1ECB29C75D87}.Debug|Any CPU.ActiveCfg = Debug|Any CPU
		{0CBBF950-DAE9-4AF5-B62F-1ECB29C75D87}.Debug|Any CPU.Build.0 = Debug|Any CPU
		{0CBBF950-DAE9-4AF5-B62F-1ECB29C75D87}.Release|Any CPU.ActiveCfg = Release|Any CPU
		{0CBBF950-DAE9-4AF5-B62F-1ECB29C75D87}.Release|Any CPU.Build.0 = Release|Any CPU
		{CFBB8D2B-FCE3-43A0-A7DC-E6FA1786850F}.Debug|Any CPU.ActiveCfg = Debug|Any CPU
		{CFBB8D2B-FCE3-43A0-A7DC-E6FA1786850F}.Debug|Any CPU.Build.0 = Debug|Any CPU
		{CFBB8D2B-FCE3-43A0-A7DC-E6FA1786850F}.Release|Any CPU.ActiveCfg = Release|Any CPU
		{CFBB8D2B-FCE3-43A0-A7DC-E6FA1786850F}.Release|Any CPU.Build.0 = Release|Any CPU
		{D12DBBC4-9B7F-4266-B613-ADA2EE17F1FE}.Debug|Any CPU.ActiveCfg = Debug|Any CPU
		{D12DBBC4-9B7F-4266-B613-ADA2EE17F1FE}.Debug|Any CPU.Build.0 = Debug|Any CPU
		{D12DBBC4-9B7F-4266-B613-ADA2EE17F1FE}.Release|Any CPU.ActiveCfg = Release|Any CPU
		{D12DBBC4-9B7F-4266-B613-ADA2EE17F1FE}.Release|Any CPU.Build.0 = Release|Any CPU
		{5F4775F6-B042-4068-B4E6-5B49A247C256}.Debug|Any CPU.ActiveCfg = Debug|Any CPU
		{5F4775F6-B042-4068-B4E6-5B49A247C256}.Debug|Any CPU.Build.0 = Debug|Any CPU
		{5F4775F6-B042-4068-B4E6-5B49A247C256}.Release|Any CPU.ActiveCfg = Release|Any CPU
		{5F4775F6-B042-4068-B4E6-5B49A247C256}.Release|Any CPU.Build.0 = Release|Any CPU
		{52B51207-89D3-47C6-80EA-637E71D8FFF0}.Debug|Any CPU.ActiveCfg = Debug|Any CPU
		{52B51207-89D3-47C6-80EA-637E71D8FFF0}.Debug|Any CPU.Build.0 = Debug|Any CPU
		{52B51207-89D3-47C6-80EA-637E71D8FFF0}.Release|Any CPU.ActiveCfg = Release|Any CPU
		{52B51207-89D3-47C6-80EA-637E71D8FFF0}.Release|Any CPU.Build.0 = Release|Any CPU
		{72E8C729-6E04-4005-AAF6-97A2DCA05C49}.Debug|Any CPU.ActiveCfg = Debug|Any CPU
		{72E8C729-6E04-4005-AAF6-97A2DCA05C49}.Debug|Any CPU.Build.0 = Debug|Any CPU
		{72E8C729-6E04-4005-AAF6-97A2DCA05C49}.Release|Any CPU.ActiveCfg = Release|Any CPU
		{72E8C729-6E04-4005-AAF6-97A2DCA05C49}.Release|Any CPU.Build.0 = Release|Any CPU
		{BA29D2C8-1787-4AAC-B50F-1D4CD4074B6F}.Debug|Any CPU.ActiveCfg = Debug|Any CPU
		{BA29D2C8-1787-4AAC-B50F-1D4CD4074B6F}.Debug|Any CPU.Build.0 = Debug|Any CPU
		{BA29D2C8-1787-4AAC-B50F-1D4CD4074B6F}.Release|Any CPU.ActiveCfg = Release|Any CPU
		{BA29D2C8-1787-4AAC-B50F-1D4CD4074B6F}.Release|Any CPU.Build.0 = Release|Any CPU
		{1B3AD4FC-EEBB-430C-9A63-A3ED79AA5543}.Debug|Any CPU.ActiveCfg = Debug|Any CPU
		{1B3AD4FC-EEBB-430C-9A63-A3ED79AA5543}.Debug|Any CPU.Build.0 = Debug|Any CPU
		{1B3AD4FC-EEBB-430C-9A63-A3ED79AA5543}.Release|Any CPU.ActiveCfg = Release|Any CPU
		{1B3AD4FC-EEBB-430C-9A63-A3ED79AA5543}.Release|Any CPU.Build.0 = Release|Any CPU
		{C74CCEF7-C3EA-4954-B480-1836BFFDD0B6}.Debug|Any CPU.ActiveCfg = Debug|Any CPU
		{C74CCEF7-C3EA-4954-B480-1836BFFDD0B6}.Debug|Any CPU.Build.0 = Debug|Any CPU
		{C74CCEF7-C3EA-4954-B480-1836BFFDD0B6}.Release|Any CPU.ActiveCfg = Release|Any CPU
		{C74CCEF7-C3EA-4954-B480-1836BFFDD0B6}.Release|Any CPU.Build.0 = Release|Any CPU
		{6D8DCA45-0E00-4472-A535-DB5CB465DF1B}.Debug|Any CPU.ActiveCfg = Debug|Any CPU
		{6D8DCA45-0E00-4472-A535-DB5CB465DF1B}.Debug|Any CPU.Build.0 = Debug|Any CPU
		{6D8DCA45-0E00-4472-A535-DB5CB465DF1B}.Release|Any CPU.ActiveCfg = Release|Any CPU
		{6D8DCA45-0E00-4472-A535-DB5CB465DF1B}.Release|Any CPU.Build.0 = Release|Any CPU
		{22A35D2D-6C20-4B3D-BD12-F31118BD1245}.Debug|Any CPU.ActiveCfg = Debug|Any CPU
		{22A35D2D-6C20-4B3D-BD12-F31118BD1245}.Debug|Any CPU.Build.0 = Debug|Any CPU
		{22A35D2D-6C20-4B3D-BD12-F31118BD1245}.Release|Any CPU.ActiveCfg = Release|Any CPU
		{22A35D2D-6C20-4B3D-BD12-F31118BD1245}.Release|Any CPU.Build.0 = Release|Any CPU
		{4C620023-A8FF-43CA-B044-D01FBF3D54B9}.Debug|Any CPU.ActiveCfg = Debug|Any CPU
		{4C620023-A8FF-43CA-B044-D01FBF3D54B9}.Debug|Any CPU.Build.0 = Debug|Any CPU
		{4C620023-A8FF-43CA-B044-D01FBF3D54B9}.Release|Any CPU.ActiveCfg = Release|Any CPU
		{4C620023-A8FF-43CA-B044-D01FBF3D54B9}.Release|Any CPU.Build.0 = Release|Any CPU
		{BB8D87BB-9BE3-444B-88E9-2E54547EEF6A}.Debug|Any CPU.ActiveCfg = Debug|Any CPU
		{BB8D87BB-9BE3-444B-88E9-2E54547EEF6A}.Debug|Any CPU.Build.0 = Debug|Any CPU
		{BB8D87BB-9BE3-444B-88E9-2E54547EEF6A}.Release|Any CPU.ActiveCfg = Release|Any CPU
		{BB8D87BB-9BE3-444B-88E9-2E54547EEF6A}.Release|Any CPU.Build.0 = Release|Any CPU
		{5340FAA8-21D2-4C48-9AFA-C4D77370DF72}.Debug|Any CPU.ActiveCfg = Debug|Any CPU
		{5340FAA8-21D2-4C48-9AFA-C4D77370DF72}.Debug|Any CPU.Build.0 = Debug|Any CPU
		{5340FAA8-21D2-4C48-9AFA-C4D77370DF72}.Release|Any CPU.ActiveCfg = Release|Any CPU
		{5340FAA8-21D2-4C48-9AFA-C4D77370DF72}.Release|Any CPU.Build.0 = Release|Any CPU
		{1AD2F86E-BBC0-47DD-AABD-348FEA0FDA3E}.Debug|Any CPU.ActiveCfg = Debug|Any CPU
		{1AD2F86E-BBC0-47DD-AABD-348FEA0FDA3E}.Debug|Any CPU.Build.0 = Debug|Any CPU
		{1AD2F86E-BBC0-47DD-AABD-348FEA0FDA3E}.Release|Any CPU.ActiveCfg = Release|Any CPU
		{1AD2F86E-BBC0-47DD-AABD-348FEA0FDA3E}.Release|Any CPU.Build.0 = Release|Any CPU
		{7B371DBA-8ADB-41EB-BE80-B7D4FCB14944}.Debug|Any CPU.ActiveCfg = Debug|Any CPU
		{7B371DBA-8ADB-41EB-BE80-B7D4FCB14944}.Debug|Any CPU.Build.0 = Debug|Any CPU
		{7B371DBA-8ADB-41EB-BE80-B7D4FCB14944}.Release|Any CPU.ActiveCfg = Release|Any CPU
		{7B371DBA-8ADB-41EB-BE80-B7D4FCB14944}.Release|Any CPU.Build.0 = Release|Any CPU
		{9D87B2DB-E7F7-4508-9A0F-8936CAF77A0C}.Debug|Any CPU.ActiveCfg = Debug|Any CPU
		{9D87B2DB-E7F7-4508-9A0F-8936CAF77A0C}.Debug|Any CPU.Build.0 = Debug|Any CPU
		{9D87B2DB-E7F7-4508-9A0F-8936CAF77A0C}.Release|Any CPU.ActiveCfg = Release|Any CPU
		{9D87B2DB-E7F7-4508-9A0F-8936CAF77A0C}.Release|Any CPU.Build.0 = Release|Any CPU
		{7DBE06A7-E0DA-43CB-89F8-CE349BB718BA}.Debug|Any CPU.ActiveCfg = Debug|Any CPU
		{7DBE06A7-E0DA-43CB-89F8-CE349BB718BA}.Debug|Any CPU.Build.0 = Debug|Any CPU
		{7DBE06A7-E0DA-43CB-89F8-CE349BB718BA}.Release|Any CPU.ActiveCfg = Release|Any CPU
		{7DBE06A7-E0DA-43CB-89F8-CE349BB718BA}.Release|Any CPU.Build.0 = Release|Any CPU
		{D7CF8B90-2160-4AF8-A995-DB05FCCA6E5C}.Debug|Any CPU.ActiveCfg = Debug|Any CPU
		{D7CF8B90-2160-4AF8-A995-DB05FCCA6E5C}.Debug|Any CPU.Build.0 = Debug|Any CPU
		{D7CF8B90-2160-4AF8-A995-DB05FCCA6E5C}.Release|Any CPU.ActiveCfg = Release|Any CPU
		{D7CF8B90-2160-4AF8-A995-DB05FCCA6E5C}.Release|Any CPU.Build.0 = Release|Any CPU
	EndGlobalSection
	GlobalSection(SolutionProperties) = preSolution
		HideSolutionNode = FALSE
	EndGlobalSection
	GlobalSection(NestedProjects) = preSolution
		{62CD8F70-8415-4C15-B672-CB18475ABD7E} = {5EAC9025-32D5-484E-B01F-E03EC5127260}
		{C5C3BD3A-E2B7-4258-B705-704C502AF38B} = {E9BFA65B-36CD-40D3-8EAE-B5D544A1E7F5}
		{538D4230-E484-44AB-B690-D1033773C8B7} = {5EAC9025-32D5-484E-B01F-E03EC5127260}
		{610985F5-26AE-42B5-9733-61EBBAB36E0A} = {05C1FA04-4070-44A7-9DFC-38B48FEFA3C2}
		{64ED8F47-C8A1-4D23-943D-1C0F74D39D9D} = {5EAC9025-32D5-484E-B01F-E03EC5127260}
		{DBD01AF8-68F0-402C-8175-4583C0F44066} = {5EAC9025-32D5-484E-B01F-E03EC5127260}
		{C031B8F2-B799-4881-8140-DE1D11A23FD8} = {5EAC9025-32D5-484E-B01F-E03EC5127260}
		{9660A7C2-D1F7-4D17-8087-5B82AFEAA6D7} = {5EAC9025-32D5-484E-B01F-E03EC5127260}
		{395751A0-49B7-49DC-88A8-02B14A322E99} = {5EAC9025-32D5-484E-B01F-E03EC5127260}
		{1BCB836B-688F-4183-8702-EFF08440CC8A} = {35CF0450-D838-4C99-9F03-0E0E9C4956A1}
		{50D995F1-CA54-42B6-BDA5-4047E720716D} = {5EAC9025-32D5-484E-B01F-E03EC5127260}
		{0F6183DB-5001-4D9A-BBD3-157356B62684} = {B084C572-A727-4879-A10F-0C2ECFB86E3C}
		{80FABB9C-9FA7-4232-92EB-481BE8AB8BFE} = {05C1FA04-4070-44A7-9DFC-38B48FEFA3C2}
		{AB1362C8-0754-496D-85E1-3C258FF250BF} = {5EAC9025-32D5-484E-B01F-E03EC5127260}
		{676F7DD1-BF13-4317-819F-9B5D85DF18B5} = {B8B91C76-F6E7-47C7-A034-E0FC5B5466F2}
		{1599399A-2873-46F5-96CD-56768AFC967E} = {567C6332-819D-49FA-AE36-37E54DDE64D7}
		{2C0511BC-FFAA-4697-B975-D0B4AA5C7433} = {E9BFA65B-36CD-40D3-8EAE-B5D544A1E7F5}
		{3E8A3809-3FBA-4024-9343-2A54DAE013CA} = {B8B91C76-F6E7-47C7-A034-E0FC5B5466F2}
		{A638A91C-BD8E-4475-A5FB-E4FCFF7BA61D} = {B8B91C76-F6E7-47C7-A034-E0FC5B5466F2}
		{526DF089-AA89-45C8-8C8A-A5E6780075DC} = {B8B91C76-F6E7-47C7-A034-E0FC5B5466F2}
		{4EAF00DA-FE41-46ED-AFB5-3A543BCF0BF9} = {B8B91C76-F6E7-47C7-A034-E0FC5B5466F2}
		{2E2722F2-8C19-4022-8E5E-36B9A9983CB3} = {B8B91C76-F6E7-47C7-A034-E0FC5B5466F2}
		{E334BA97-5450-4960-84DA-B7C5E09589E4} = {B8B91C76-F6E7-47C7-A034-E0FC5B5466F2}
		{23D4420F-18BA-4A72-BC63-8ACB7FA2B09A} = {B8B91C76-F6E7-47C7-A034-E0FC5B5466F2}
		{07FEA0ED-8468-41EB-9570-82697ED43915} = {B8B91C76-F6E7-47C7-A034-E0FC5B5466F2}
		{43EAACF1-6538-4D96-A209-E5A0BEA1F60E} = {5EAC9025-32D5-484E-B01F-E03EC5127260}
		{1D1061F1-CD0E-4C2D-B2A5-880C741C3B56} = {05C1FA04-4070-44A7-9DFC-38B48FEFA3C2}
		{B02498D9-D348-44B4-96B7-AFB02B542DB1} = {05C1FA04-4070-44A7-9DFC-38B48FEFA3C2}
		{AC1AD8D1-5808-4E54-AB96-EA778E2F218C} = {5EAC9025-32D5-484E-B01F-E03EC5127260}
		{9AC6AA44-BA7F-410B-BF63-CFD0D3BBC0CE} = {B8B91C76-F6E7-47C7-A034-E0FC5B5466F2}
		{D1894D64-4B1B-46EA-83F0-7F37B97A9A0E} = {E9BFA65B-36CD-40D3-8EAE-B5D544A1E7F5}
		{79251496-AB74-41EA-8DAC-F402F2AC9E82} = {B8B91C76-F6E7-47C7-A034-E0FC5B5466F2}
		{D96F5FF5-DDCE-42A4-BCA6-C1451292F003} = {DCF7EA80-6EC0-4DB2-9B75-B31DEE97F4A0}
		{FC149D49-34A3-4AF7-9EB8-59FDFEBCEC81} = {E9BFA65B-36CD-40D3-8EAE-B5D544A1E7F5}
		{53A2FC66-4CB5-4813-8EC2-14C8F34A0C7A} = {E9BFA65B-36CD-40D3-8EAE-B5D544A1E7F5}
		{2331F558-B253-444F-9EA8-041AE077541E} = {B8B91C76-F6E7-47C7-A034-E0FC5B5466F2}
		{9B17D853-2B15-4B77-B85E-ABC128BDD56F} = {E9BFA65B-36CD-40D3-8EAE-B5D544A1E7F5}
		{B310D412-A0BD-4D93-8F54-6BCC35C66744} = {B8B91C76-F6E7-47C7-A034-E0FC5B5466F2}
		{5AB4D410-4754-4B16-B58F-917A7208951F} = {B8B91C76-F6E7-47C7-A034-E0FC5B5466F2}
		{9A08E6C9-B8BE-4091-AABA-7FE961EEF222} = {B8B91C76-F6E7-47C7-A034-E0FC5B5466F2}
		{6B604D8D-5706-4F62-BEB9-ABA6736EBDB8} = {05C1FA04-4070-44A7-9DFC-38B48FEFA3C2}
		{5710F502-27C8-4413-B0FC-6A41F2E8B0FF} = {05C1FA04-4070-44A7-9DFC-38B48FEFA3C2}
		{C32F377E-964A-46DF-B0D2-5603AB25B454} = {05C1FA04-4070-44A7-9DFC-38B48FEFA3C2}
		{0CBBF950-DAE9-4AF5-B62F-1ECB29C75D87} = {05C1FA04-4070-44A7-9DFC-38B48FEFA3C2}
		{CFBB8D2B-FCE3-43A0-A7DC-E6FA1786850F} = {DCF7EA80-6EC0-4DB2-9B75-B31DEE97F4A0}
		{D12DBBC4-9B7F-4266-B613-ADA2EE17F1FE} = {05C1FA04-4070-44A7-9DFC-38B48FEFA3C2}
		{5F4775F6-B042-4068-B4E6-5B49A247C256} = {05C1FA04-4070-44A7-9DFC-38B48FEFA3C2}
		{52B51207-89D3-47C6-80EA-637E71D8FFF0} = {B8B91C76-F6E7-47C7-A034-E0FC5B5466F2}
		{72E8C729-6E04-4005-AAF6-97A2DCA05C49} = {B8B91C76-F6E7-47C7-A034-E0FC5B5466F2}
		{BA29D2C8-1787-4AAC-B50F-1D4CD4074B6F} = {DCF7EA80-6EC0-4DB2-9B75-B31DEE97F4A0}
		{1B3AD4FC-EEBB-430C-9A63-A3ED79AA5543} = {35CF0450-D838-4C99-9F03-0E0E9C4956A1}
		{C74CCEF7-C3EA-4954-B480-1836BFFDD0B6} = {E9BFA65B-36CD-40D3-8EAE-B5D544A1E7F5}
		{6D8DCA45-0E00-4472-A535-DB5CB465DF1B} = {B8B91C76-F6E7-47C7-A034-E0FC5B5466F2}
		{22A35D2D-6C20-4B3D-BD12-F31118BD1245} = {05C1FA04-4070-44A7-9DFC-38B48FEFA3C2}
		{4C620023-A8FF-43CA-B044-D01FBF3D54B9} = {E9BFA65B-36CD-40D3-8EAE-B5D544A1E7F5}
		{BB8D87BB-9BE3-444B-88E9-2E54547EEF6A} = {B8B91C76-F6E7-47C7-A034-E0FC5B5466F2}
		{5340FAA8-21D2-4C48-9AFA-C4D77370DF72} = {B084C572-A727-4879-A10F-0C2ECFB86E3C}
		{1AD2F86E-BBC0-47DD-AABD-348FEA0FDA3E} = {E9BFA65B-36CD-40D3-8EAE-B5D544A1E7F5}
		{7B371DBA-8ADB-41EB-BE80-B7D4FCB14944} = {05C1FA04-4070-44A7-9DFC-38B48FEFA3C2}
		{9D87B2DB-E7F7-4508-9A0F-8936CAF77A0C} = {05C1FA04-4070-44A7-9DFC-38B48FEFA3C2}
		{7DBE06A7-E0DA-43CB-89F8-CE349BB718BA} = {B084C572-A727-4879-A10F-0C2ECFB86E3C}
		{D7CF8B90-2160-4AF8-A995-DB05FCCA6E5C} = {05C1FA04-4070-44A7-9DFC-38B48FEFA3C2}
	EndGlobalSection
	GlobalSection(ExtensibilityGlobals) = postSolution
		SolutionGuid = {9293982D-B2F3-4C86-A307-057EE1CFA115}
	EndGlobalSection
	GlobalSection(Performance) = preSolution
		HasPerformanceSessions = true
	EndGlobalSection
	GlobalSection(Performance) = preSolution
		HasPerformanceSessions = true
	EndGlobalSection
	GlobalSection(Performance) = preSolution
		HasPerformanceSessions = true
	EndGlobalSection
EndGlobal
